// !$*UTF8*$!
{
	archiveVersion = 1;
	classes = {
	};
	objectVersion = 51;
	objects = {

/* Begin PBXBuildFile section */
		844E19DB2440563C009FE378 /* YXToolLogs.m in Sources */ = {isa = PBXBuildFile; fileRef = 844E19DA2440563C009FE378 /* YXToolLogs.m */; };
		844E19DE24405707009FE378 /* YXToolLocalSave.m in Sources */ = {isa = PBXBuildFile; fileRef = 844E19DD24405707009FE378 /* YXToolLocalSave.m */; };
		844E19E4244057D4009FE378 /* YXToolLocalSaveByKeychain.m in Sources */ = {isa = PBXBuildFile; fileRef = 844E19E3244057D4009FE378 /* YXToolLocalSaveByKeychain.m */; };
		844E19E724406F3D009FE378 /* YXToolLocalSaveBySqlite.m in Sources */ = {isa = PBXBuildFile; fileRef = 844E19E624406F3D009FE378 /* YXToolLocalSaveBySqlite.m */; };
		844E19EA24407990009FE378 /* YXToolGetSandbox.m in Sources */ = {isa = PBXBuildFile; fileRef = 844E19E924407990009FE378 /* YXToolGetSandbox.m */; };
		844E19ED24407B56009FE378 /* YXToolAppBaseMessage.m in Sources */ = {isa = PBXBuildFile; fileRef = 844E19EC24407B56009FE378 /* YXToolAppBaseMessage.m */; };
		846E5557243EF2BE00CB7233 /* AppDelegate.m in Sources */ = {isa = PBXBuildFile; fileRef = 846E5556243EF2BE00CB7233 /* AppDelegate.m */; };
		846E555A243EF2BE00CB7233 /* SceneDelegate.m in Sources */ = {isa = PBXBuildFile; fileRef = 846E5559243EF2BE00CB7233 /* SceneDelegate.m */; };
		846E555D243EF2BE00CB7233 /* ViewController.m in Sources */ = {isa = PBXBuildFile; fileRef = 846E555C243EF2BE00CB7233 /* ViewController.m */; };
		846E5560243EF2BE00CB7233 /* Main.storyboard in Resources */ = {isa = PBXBuildFile; fileRef = 846E555E243EF2BE00CB7233 /* Main.storyboard */; };
		846E5562243EF2C000CB7233 /* Assets.xcassets in Resources */ = {isa = PBXBuildFile; fileRef = 846E5561243EF2C000CB7233 /* Assets.xcassets */; };
		846E5565243EF2C000CB7233 /* LaunchScreen.storyboard in Resources */ = {isa = PBXBuildFile; fileRef = 846E5563243EF2C000CB7233 /* LaunchScreen.storyboard */; };
		846E5568243EF2C000CB7233 /* main.m in Sources */ = {isa = PBXBuildFile; fileRef = 846E5567243EF2C000CB7233 /* main.m */; };
		846E5572243EF2C000CB7233 /* YXCategoryGroupTestTests.m in Sources */ = {isa = PBXBuildFile; fileRef = 846E5571243EF2C000CB7233 /* YXCategoryGroupTestTests.m */; };
		846E557D243EF2C000CB7233 /* YXCategoryGroupTestUITests.m in Sources */ = {isa = PBXBuildFile; fileRef = 846E557C243EF2C000CB7233 /* YXCategoryGroupTestUITests.m */; };
		846E55A0243EF2D200CB7233 /* UIColor+YXCategory.m in Sources */ = {isa = PBXBuildFile; fileRef = 846E558C243EF2D200CB7233 /* UIColor+YXCategory.m */; };
		846E55A1243EF2D200CB7233 /* NSMutableArray+YXCategory.m in Sources */ = {isa = PBXBuildFile; fileRef = 846E5591243EF2D200CB7233 /* NSMutableArray+YXCategory.m */; };
		846E55A2243EF2D200CB7233 /* NSString+YXCategory.m in Sources */ = {isa = PBXBuildFile; fileRef = 846E5593243EF2D200CB7233 /* NSString+YXCategory.m */; };
		846E55A3243EF2D200CB7233 /* UIView+YXCategory.m in Sources */ = {isa = PBXBuildFile; fileRef = 846E5596243EF2D200CB7233 /* UIView+YXCategory.m */; };
		846E55A4243EF2D200CB7233 /* NSMutableDictionary+YXCategory.m in Sources */ = {isa = PBXBuildFile; fileRef = 846E559B243EF2D200CB7233 /* NSMutableDictionary+YXCategory.m */; };
		846E55A5243EF2D200CB7233 /* YXCategoryBaseManager.m in Sources */ = {isa = PBXBuildFile; fileRef = 846E559C243EF2D200CB7233 /* YXCategoryBaseManager.m */; };
		846E55A6243EF2D200CB7233 /* UIImage+YXCategory.m in Sources */ = {isa = PBXBuildFile; fileRef = 846E559F243EF2D200CB7233 /* UIImage+YXCategory.m */; };
		846E55AA243EFBCD00CB7233 /* NSObject+YXCategory.m in Sources */ = {isa = PBXBuildFile; fileRef = 846E55A9243EFBCD00CB7233 /* NSObject+YXCategory.m */; };
		846E55AE243F153C00CB7233 /* UIButton+YXCategory.m in Sources */ = {isa = PBXBuildFile; fileRef = 846E55AD243F153C00CB7233 /* UIButton+YXCategory.m */; };
		84A67C322490AAC100BACE1B /* test.mov in Resources */ = {isa = PBXBuildFile; fileRef = 84A67C312490AAC100BACE1B /* test.mov */; };
		84AD55DA2443F7CE00004B7E /* YXToolLocalSavePlist.plist in Resources */ = {isa = PBXBuildFile; fileRef = 84AD55D92443F7CE00004B7E /* YXToolLocalSavePlist.plist */; };
		84AD55DE2444018700004B7E /* YXToolMediaManager.m in Sources */ = {isa = PBXBuildFile; fileRef = 84AD55DD2444018700004B7E /* YXToolMediaManager.m */; };
		84AD55F724442B7400004B7E /* TYAlertView.m in Sources */ = {isa = PBXBuildFile; fileRef = 84AD55E424442B7400004B7E /* TYAlertView.m */; };
		84AD55F824442B7400004B7E /* UIView+TYAlertView.m in Sources */ = {isa = PBXBuildFile; fileRef = 84AD55E824442B7400004B7E /* UIView+TYAlertView.m */; };
		84AD55F924442B7400004B7E /* TYAlertScaleFadeAnimation.m in Sources */ = {isa = PBXBuildFile; fileRef = 84AD55E924442B7400004B7E /* TYAlertScaleFadeAnimation.m */; };
		84AD55FA24442B7400004B7E /* TYAlertFadeAnimation.m in Sources */ = {isa = PBXBuildFile; fileRef = 84AD55EB24442B7400004B7E /* TYAlertFadeAnimation.m */; };
		84AD55FB24442B7400004B7E /* TYAlertController+TransitionAnimate.m in Sources */ = {isa = PBXBuildFile; fileRef = 84AD55EC24442B7400004B7E /* TYAlertController+TransitionAnimate.m */; };
		84AD55FC24442B7400004B7E /* UIView+TYAutoLayout.m in Sources */ = {isa = PBXBuildFile; fileRef = 84AD55EE24442B7400004B7E /* UIView+TYAutoLayout.m */; };
		84AD55FD24442B7400004B7E /* TYAlertDropDownAnimation.m in Sources */ = {isa = PBXBuildFile; fileRef = 84AD55EF24442B7400004B7E /* TYAlertDropDownAnimation.m */; };
		84AD55FE24442B7400004B7E /* TYShowAlertView.m in Sources */ = {isa = PBXBuildFile; fileRef = 84AD55F224442B7400004B7E /* TYShowAlertView.m */; };
		84AD55FF24442B7400004B7E /* TYBaseAnimation.m in Sources */ = {isa = PBXBuildFile; fileRef = 84AD55F324442B7400004B7E /* TYBaseAnimation.m */; };
		84AD560024442B7400004B7E /* TYAlertController.m in Sources */ = {isa = PBXBuildFile; fileRef = 84AD55F524442B7400004B7E /* TYAlertController.m */; };
		84AD560424442BC000004B7E /* YXToolAlert.m in Sources */ = {isa = PBXBuildFile; fileRef = 84AD560224442BC000004B7E /* YXToolAlert.m */; };
		84AD560724442BDF00004B7E /* YXToolAlertVC.m in Sources */ = {isa = PBXBuildFile; fileRef = 84AD560624442BDF00004B7E /* YXToolAlertVC.m */; };
		84E92ADD260349F400CCF2C3 /* YXEvaluationStarView.m in Sources */ = {isa = PBXBuildFile; fileRef = 84E92ADC260349F400CCF2C3 /* YXEvaluationStarView.m */; };
		B15C400F29B0722E009130B9 /* YXCustomURLProtocol.m in Sources */ = {isa = PBXBuildFile; fileRef = B15C400D29B0722E009130B9 /* YXCustomURLProtocol.m */; };
		B15EF777284F02180042018B /* YXShoppingMallAdvertingModel.m in Sources */ = {isa = PBXBuildFile; fileRef = B15EF775284F02180042018B /* YXShoppingMallAdvertingModel.m */; };
		B15EF77B284F02530042018B /* YXShoppingMallCategoryModel.m in Sources */ = {isa = PBXBuildFile; fileRef = B15EF779284F02530042018B /* YXShoppingMallCategoryModel.m */; };
		B16BCA71274DDB610002B606 /* YXPageControl.m in Sources */ = {isa = PBXBuildFile; fileRef = B16BCA5D274DDB610002B606 /* YXPageControl.m */; };
		B16BCA72274DDB610002B606 /* YXFuncCycleScrollView.m in Sources */ = {isa = PBXBuildFile; fileRef = B16BCA5E274DDB610002B606 /* YXFuncCycleScrollView.m */; };
		B16BCA73274DDB610002B606 /* YXEntertainingDiversionsView.m in Sources */ = {isa = PBXBuildFile; fileRef = B16BCA63274DDB610002B606 /* YXEntertainingDiversionsView.m */; };
		B16BCA74274DDB610002B606 /* YXFuncScrollBaseView.m in Sources */ = {isa = PBXBuildFile; fileRef = B16BCA65274DDB610002B606 /* YXFuncScrollBaseView.m */; };
		B16BCA75274DDB610002B606 /* YXFuncScrollBaseTabSecHeaderView.m in Sources */ = {isa = PBXBuildFile; fileRef = B16BCA68274DDB610002B606 /* YXFuncScrollBaseTabSecHeaderView.m */; };
		B16BCA76274DDB610002B606 /* YXFuncScrollBaseTabSecFooterView.m in Sources */ = {isa = PBXBuildFile; fileRef = B16BCA6B274DDB610002B606 /* YXFuncScrollBaseTabSecFooterView.m */; };
		B16BCA77274DDB610002B606 /* YXFuncScrollBaseTabCell.m in Sources */ = {isa = PBXBuildFile; fileRef = B16BCA6D274DDB610002B606 /* YXFuncScrollBaseTabCell.m */; };
		B16BCA78274DDB610002B606 /* YXFuncScrollBaseTabView.m in Sources */ = {isa = PBXBuildFile; fileRef = B16BCA6E274DDB610002B606 /* YXFuncScrollBaseTabView.m */; };
		B16BCA7C274DDB990002B606 /* YXBadgeButton.m in Sources */ = {isa = PBXBuildFile; fileRef = B16BCA7A274DDB990002B606 /* YXBadgeButton.m */; };
		B174F04C298CAD9D006D6761 /* YXListCountDown.m in Sources */ = {isa = PBXBuildFile; fileRef = B174F04B298CAD9D006D6761 /* YXListCountDown.m */; };
		B1A15E532AB1A0A400A68539 /* YXLocationManager.m in Sources */ = {isa = PBXBuildFile; fileRef = B1A15E522AB1A0A400A68539 /* YXLocationManager.m */; };
		B1A15EDA2AB1A0D300A68539 /* YXCardAnimationView.m in Sources */ = {isa = PBXBuildFile; fileRef = B1A15ED62AB1A0D300A68539 /* YXCardAnimationView.m */; };
		B1A15EDB2AB1A0D300A68539 /* YXCardShowImgV.m in Sources */ = {isa = PBXBuildFile; fileRef = B1A15ED72AB1A0D300A68539 /* YXCardShowImgV.m */; };
		B1A15EE12AB1A0F700A68539 /* PaymentManagerModel.m in Sources */ = {isa = PBXBuildFile; fileRef = B1A15EDD2AB1A0F700A68539 /* PaymentManagerModel.m */; };
		B1A15EE22AB1A0F700A68539 /* YXPaymentManager.m in Sources */ = {isa = PBXBuildFile; fileRef = B1A15EDE2AB1A0F700A68539 /* YXPaymentManager.m */; };
		B1A15EEA2AB1A11000A68539 /* YXAliOSSManager.m in Sources */ = {isa = PBXBuildFile; fileRef = B1A15EE82AB1A11000A68539 /* YXAliOSSManager.m */; };
		B1A15EF02AB1A11D00A68539 /* YXPublicShareManagerModel.m in Sources */ = {isa = PBXBuildFile; fileRef = B1A15EEE2AB1A11D00A68539 /* YXPublicShareManagerModel.m */; };
		B1A15EF12AB1A11D00A68539 /* YXPublicShareManager.m in Sources */ = {isa = PBXBuildFile; fileRef = B1A15EEF2AB1A11D00A68539 /* YXPublicShareManager.m */; };
		B1A15EF52AB1A12D00A68539 /* YXMJRefreshNormalHomeListFooter.m in Sources */ = {isa = PBXBuildFile; fileRef = B1A15EF42AB1A12D00A68539 /* YXMJRefreshNormalHomeListFooter.m */; };
		B1A15EF92AB1A16A00A68539 /* YXWaterFallLayout.m in Sources */ = {isa = PBXBuildFile; fileRef = B1A15EF72AB1A16A00A68539 /* YXWaterFallLayout.m */; };
		B1A15EFD2AB1A17C00A68539 /* YXProgressSlider.m in Sources */ = {isa = PBXBuildFile; fileRef = B1A15EFB2AB1A17C00A68539 /* YXProgressSlider.m */; };
		B1D8C0C2273CED0C008B6903 /* NSDictionary+YXCategory.m in Sources */ = {isa = PBXBuildFile; fileRef = B1D8C0C1273CED0C008B6903 /* NSDictionary+YXCategory.m */; };
		B1F4710B29BF0E8900662819 /* YXBigFileDownloadRequest.m in Sources */ = {isa = PBXBuildFile; fileRef = B1F4710629BF0E8900662819 /* YXBigFileDownloadRequest.m */; };
		B1F4710C29BF0E8900662819 /* YXSharedHTTPManager.m in Sources */ = {isa = PBXBuildFile; fileRef = B1F4710829BF0E8900662819 /* YXSharedHTTPManager.m */; };
		B1F4710D29BF0E8900662819 /* YXNetworkRequest.m in Sources */ = {isa = PBXBuildFile; fileRef = B1F4710929BF0E8900662819 /* YXNetworkRequest.m */; };
		B1F4711529BF151600662819 /* UIImageView+YXCategory.m in Sources */ = {isa = PBXBuildFile; fileRef = B1F4711429BF151600662819 /* UIImageView+YXCategory.m */; };
		ED4A898F510815808ABB49FF /* libPods-YXCategoryGroupTest.a in Frameworks */ = {isa = PBXBuildFile; fileRef = 2DADE9BDC1F0DE5E9334AFEC /* libPods-YXCategoryGroupTest.a */; };
/* End PBXBuildFile section */

/* Begin PBXContainerItemProxy section */
		846E556E243EF2C000CB7233 /* PBXContainerItemProxy */ = {
			isa = PBXContainerItemProxy;
			containerPortal = 846E554A243EF2BE00CB7233 /* Project object */;
			proxyType = 1;
			remoteGlobalIDString = 846E5551243EF2BE00CB7233;
			remoteInfo = YXCategoryGroupTest;
		};
		846E5579243EF2C000CB7233 /* PBXContainerItemProxy */ = {
			isa = PBXContainerItemProxy;
			containerPortal = 846E554A243EF2BE00CB7233 /* Project object */;
			proxyType = 1;
			remoteGlobalIDString = 846E5551243EF2BE00CB7233;
			remoteInfo = YXCategoryGroupTest;
		};
/* End PBXContainerItemProxy section */

/* Begin PBXFileReference section */
		2DADE9BDC1F0DE5E9334AFEC /* libPods-YXCategoryGroupTest.a */ = {isa = PBXFileReference; explicitFileType = archive.ar; includeInIndex = 0; path = "libPods-YXCategoryGroupTest.a"; sourceTree = BUILT_PRODUCTS_DIR; };
		844E19D42440532A009FE378 /* YXClassesReferencePCH.pch */ = {isa = PBXFileReference; lastKnownFileType = sourcecode.c.h; path = YXClassesReferencePCH.pch; sourceTree = "<group>"; };
		844E19D92440563C009FE378 /* YXToolLogs.h */ = {isa = PBXFileReference; lastKnownFileType = sourcecode.c.h; path = YXToolLogs.h; sourceTree = "<group>"; };
		844E19DA2440563C009FE378 /* YXToolLogs.m */ = {isa = PBXFileReference; lastKnownFileType = sourcecode.c.objc; path = YXToolLogs.m; sourceTree = "<group>"; };
		844E19DC24405707009FE378 /* YXToolLocalSave.h */ = {isa = PBXFileReference; lastKnownFileType = sourcecode.c.h; path = YXToolLocalSave.h; sourceTree = "<group>"; };
		844E19DD24405707009FE378 /* YXToolLocalSave.m */ = {isa = PBXFileReference; lastKnownFileType = sourcecode.c.objc; path = YXToolLocalSave.m; sourceTree = "<group>"; };
		844E19E2244057D4009FE378 /* YXToolLocalSaveByKeychain.h */ = {isa = PBXFileReference; lastKnownFileType = sourcecode.c.h; path = YXToolLocalSaveByKeychain.h; sourceTree = "<group>"; };
		844E19E3244057D4009FE378 /* YXToolLocalSaveByKeychain.m */ = {isa = PBXFileReference; lastKnownFileType = sourcecode.c.objc; path = YXToolLocalSaveByKeychain.m; sourceTree = "<group>"; };
		844E19E524406F3D009FE378 /* YXToolLocalSaveBySqlite.h */ = {isa = PBXFileReference; lastKnownFileType = sourcecode.c.h; path = YXToolLocalSaveBySqlite.h; sourceTree = "<group>"; };
		844E19E624406F3D009FE378 /* YXToolLocalSaveBySqlite.m */ = {isa = PBXFileReference; lastKnownFileType = sourcecode.c.objc; path = YXToolLocalSaveBySqlite.m; sourceTree = "<group>"; };
		844E19E824407990009FE378 /* YXToolGetSandbox.h */ = {isa = PBXFileReference; lastKnownFileType = sourcecode.c.h; path = YXToolGetSandbox.h; sourceTree = "<group>"; };
		844E19E924407990009FE378 /* YXToolGetSandbox.m */ = {isa = PBXFileReference; lastKnownFileType = sourcecode.c.objc; path = YXToolGetSandbox.m; sourceTree = "<group>"; };
		844E19EB24407B56009FE378 /* YXToolAppBaseMessage.h */ = {isa = PBXFileReference; lastKnownFileType = sourcecode.c.h; path = YXToolAppBaseMessage.h; sourceTree = "<group>"; };
		844E19EC24407B56009FE378 /* YXToolAppBaseMessage.m */ = {isa = PBXFileReference; lastKnownFileType = sourcecode.c.objc; path = YXToolAppBaseMessage.m; sourceTree = "<group>"; };
		846E5552243EF2BE00CB7233 /* YXCategoryGroupTest.app */ = {isa = PBXFileReference; explicitFileType = wrapper.application; includeInIndex = 0; path = YXCategoryGroupTest.app; sourceTree = BUILT_PRODUCTS_DIR; };
		846E5555243EF2BE00CB7233 /* AppDelegate.h */ = {isa = PBXFileReference; lastKnownFileType = sourcecode.c.h; path = AppDelegate.h; sourceTree = "<group>"; };
		846E5556243EF2BE00CB7233 /* AppDelegate.m */ = {isa = PBXFileReference; lastKnownFileType = sourcecode.c.objc; path = AppDelegate.m; sourceTree = "<group>"; };
		846E5558243EF2BE00CB7233 /* SceneDelegate.h */ = {isa = PBXFileReference; lastKnownFileType = sourcecode.c.h; path = SceneDelegate.h; sourceTree = "<group>"; };
		846E5559243EF2BE00CB7233 /* SceneDelegate.m */ = {isa = PBXFileReference; lastKnownFileType = sourcecode.c.objc; path = SceneDelegate.m; sourceTree = "<group>"; };
		846E555B243EF2BE00CB7233 /* ViewController.h */ = {isa = PBXFileReference; lastKnownFileType = sourcecode.c.h; path = ViewController.h; sourceTree = "<group>"; };
		846E555C243EF2BE00CB7233 /* ViewController.m */ = {isa = PBXFileReference; lastKnownFileType = sourcecode.c.objc; path = ViewController.m; sourceTree = "<group>"; };
		846E555F243EF2BE00CB7233 /* Base */ = {isa = PBXFileReference; lastKnownFileType = file.storyboard; name = Base; path = Base.lproj/Main.storyboard; sourceTree = "<group>"; };
		846E5561243EF2C000CB7233 /* Assets.xcassets */ = {isa = PBXFileReference; lastKnownFileType = folder.assetcatalog; path = Assets.xcassets; sourceTree = "<group>"; };
		846E5564243EF2C000CB7233 /* Base */ = {isa = PBXFileReference; lastKnownFileType = file.storyboard; name = Base; path = Base.lproj/LaunchScreen.storyboard; sourceTree = "<group>"; };
		846E5566243EF2C000CB7233 /* Info.plist */ = {isa = PBXFileReference; lastKnownFileType = text.plist.xml; path = Info.plist; sourceTree = "<group>"; };
		846E5567243EF2C000CB7233 /* main.m */ = {isa = PBXFileReference; lastKnownFileType = sourcecode.c.objc; path = main.m; sourceTree = "<group>"; };
		846E556D243EF2C000CB7233 /* YXCategoryGroupTestTests.xctest */ = {isa = PBXFileReference; explicitFileType = wrapper.cfbundle; includeInIndex = 0; path = YXCategoryGroupTestTests.xctest; sourceTree = BUILT_PRODUCTS_DIR; };
		846E5571243EF2C000CB7233 /* YXCategoryGroupTestTests.m */ = {isa = PBXFileReference; lastKnownFileType = sourcecode.c.objc; path = YXCategoryGroupTestTests.m; sourceTree = "<group>"; };
		846E5573243EF2C000CB7233 /* Info.plist */ = {isa = PBXFileReference; lastKnownFileType = text.plist.xml; path = Info.plist; sourceTree = "<group>"; };
		846E5578243EF2C000CB7233 /* YXCategoryGroupTestUITests.xctest */ = {isa = PBXFileReference; explicitFileType = wrapper.cfbundle; includeInIndex = 0; path = YXCategoryGroupTestUITests.xctest; sourceTree = BUILT_PRODUCTS_DIR; };
		846E557C243EF2C000CB7233 /* YXCategoryGroupTestUITests.m */ = {isa = PBXFileReference; lastKnownFileType = sourcecode.c.objc; path = YXCategoryGroupTestUITests.m; sourceTree = "<group>"; };
		846E557E243EF2C000CB7233 /* Info.plist */ = {isa = PBXFileReference; lastKnownFileType = text.plist.xml; path = Info.plist; sourceTree = "<group>"; };
		846E558C243EF2D200CB7233 /* UIColor+YXCategory.m */ = {isa = PBXFileReference; fileEncoding = 4; lastKnownFileType = sourcecode.c.objc; path = "UIColor+YXCategory.m"; sourceTree = "<group>"; };
		846E558D243EF2D200CB7233 /* UIColor+YXCategory.h */ = {isa = PBXFileReference; fileEncoding = 4; lastKnownFileType = sourcecode.c.h; path = "UIColor+YXCategory.h"; sourceTree = "<group>"; };
		846E558E243EF2D200CB7233 /* YXCategoryBaseManager.h */ = {isa = PBXFileReference; fileEncoding = 4; lastKnownFileType = sourcecode.c.h; path = YXCategoryBaseManager.h; sourceTree = "<group>"; };
		846E5590243EF2D200CB7233 /* NSMutableArray+YXCategory.h */ = {isa = PBXFileReference; fileEncoding = 4; lastKnownFileType = sourcecode.c.h; path = "NSMutableArray+YXCategory.h"; sourceTree = "<group>"; };
		846E5591243EF2D200CB7233 /* NSMutableArray+YXCategory.m */ = {isa = PBXFileReference; fileEncoding = 4; lastKnownFileType = sourcecode.c.objc; path = "NSMutableArray+YXCategory.m"; sourceTree = "<group>"; };
		846E5593243EF2D200CB7233 /* NSString+YXCategory.m */ = {isa = PBXFileReference; fileEncoding = 4; lastKnownFileType = sourcecode.c.objc; path = "NSString+YXCategory.m"; sourceTree = "<group>"; };
		846E5594243EF2D200CB7233 /* NSString+YXCategory.h */ = {isa = PBXFileReference; fileEncoding = 4; lastKnownFileType = sourcecode.c.h; path = "NSString+YXCategory.h"; sourceTree = "<group>"; };
		846E5596243EF2D200CB7233 /* UIView+YXCategory.m */ = {isa = PBXFileReference; fileEncoding = 4; lastKnownFileType = sourcecode.c.objc; path = "UIView+YXCategory.m"; sourceTree = "<group>"; };
		846E5597243EF2D200CB7233 /* UIView+YXCategory.h */ = {isa = PBXFileReference; fileEncoding = 4; lastKnownFileType = sourcecode.c.h; path = "UIView+YXCategory.h"; sourceTree = "<group>"; };
		846E559A243EF2D200CB7233 /* NSMutableDictionary+YXCategory.h */ = {isa = PBXFileReference; fileEncoding = 4; lastKnownFileType = sourcecode.c.h; path = "NSMutableDictionary+YXCategory.h"; sourceTree = "<group>"; };
		846E559B243EF2D200CB7233 /* NSMutableDictionary+YXCategory.m */ = {isa = PBXFileReference; fileEncoding = 4; lastKnownFileType = sourcecode.c.objc; path = "NSMutableDictionary+YXCategory.m"; sourceTree = "<group>"; };
		846E559C243EF2D200CB7233 /* YXCategoryBaseManager.m */ = {isa = PBXFileReference; fileEncoding = 4; lastKnownFileType = sourcecode.c.objc; path = YXCategoryBaseManager.m; sourceTree = "<group>"; };
		846E559E243EF2D200CB7233 /* UIImage+YXCategory.h */ = {isa = PBXFileReference; fileEncoding = 4; lastKnownFileType = sourcecode.c.h; path = "UIImage+YXCategory.h"; sourceTree = "<group>"; };
		846E559F243EF2D200CB7233 /* UIImage+YXCategory.m */ = {isa = PBXFileReference; fileEncoding = 4; lastKnownFileType = sourcecode.c.objc; path = "UIImage+YXCategory.m"; sourceTree = "<group>"; };
		846E55A8243EFBCD00CB7233 /* NSObject+YXCategory.h */ = {isa = PBXFileReference; lastKnownFileType = sourcecode.c.h; path = "NSObject+YXCategory.h"; sourceTree = "<group>"; };
		846E55A9243EFBCD00CB7233 /* NSObject+YXCategory.m */ = {isa = PBXFileReference; lastKnownFileType = sourcecode.c.objc; path = "NSObject+YXCategory.m"; sourceTree = "<group>"; };
		846E55AC243F153C00CB7233 /* UIButton+YXCategory.h */ = {isa = PBXFileReference; lastKnownFileType = sourcecode.c.h; path = "UIButton+YXCategory.h"; sourceTree = "<group>"; };
		846E55AD243F153C00CB7233 /* UIButton+YXCategory.m */ = {isa = PBXFileReference; lastKnownFileType = sourcecode.c.objc; path = "UIButton+YXCategory.m"; sourceTree = "<group>"; };
		8487941F2446D9E20010B23B /* YXCategorysPCH.pch */ = {isa = PBXFileReference; lastKnownFileType = sourcecode.c.h; path = YXCategorysPCH.pch; sourceTree = "<group>"; };
		848794202446D9FF0010B23B /* YXToolsPCH.pch */ = {isa = PBXFileReference; lastKnownFileType = sourcecode.c.h; path = YXToolsPCH.pch; sourceTree = "<group>"; };
		84A67C312490AAC100BACE1B /* test.mov */ = {isa = PBXFileReference; lastKnownFileType = video.quicktime; path = test.mov; sourceTree = "<group>"; };
		84AD55D92443F7CE00004B7E /* YXToolLocalSavePlist.plist */ = {isa = PBXFileReference; lastKnownFileType = text.plist.xml; path = YXToolLocalSavePlist.plist; sourceTree = "<group>"; };
		84AD55DC2444018700004B7E /* YXToolMediaManager.h */ = {isa = PBXFileReference; lastKnownFileType = sourcecode.c.h; path = YXToolMediaManager.h; sourceTree = "<group>"; };
		84AD55DD2444018700004B7E /* YXToolMediaManager.m */ = {isa = PBXFileReference; lastKnownFileType = sourcecode.c.objc; path = YXToolMediaManager.m; sourceTree = "<group>"; };
		84AD55E424442B7400004B7E /* TYAlertView.m */ = {isa = PBXFileReference; fileEncoding = 4; lastKnownFileType = sourcecode.c.objc; path = TYAlertView.m; sourceTree = "<group>"; };
		84AD55E524442B7400004B7E /* TYAlertDropDownAnimation.h */ = {isa = PBXFileReference; fileEncoding = 4; lastKnownFileType = sourcecode.c.h; path = TYAlertDropDownAnimation.h; sourceTree = "<group>"; };
		84AD55E624442B7400004B7E /* UIView+TYAutoLayout.h */ = {isa = PBXFileReference; fileEncoding = 4; lastKnownFileType = sourcecode.c.h; path = "UIView+TYAutoLayout.h"; sourceTree = "<group>"; };
		84AD55E724442B7400004B7E /* TYShowAlertView.h */ = {isa = PBXFileReference; fileEncoding = 4; lastKnownFileType = sourcecode.c.h; path = TYShowAlertView.h; sourceTree = "<group>"; };
		84AD55E824442B7400004B7E /* UIView+TYAlertView.m */ = {isa = PBXFileReference; fileEncoding = 4; lastKnownFileType = sourcecode.c.objc; path = "UIView+TYAlertView.m"; sourceTree = "<group>"; };
		84AD55E924442B7400004B7E /* TYAlertScaleFadeAnimation.m */ = {isa = PBXFileReference; fileEncoding = 4; lastKnownFileType = sourcecode.c.objc; path = TYAlertScaleFadeAnimation.m; sourceTree = "<group>"; };
		84AD55EA24442B7400004B7E /* TYBaseAnimation.h */ = {isa = PBXFileReference; fileEncoding = 4; lastKnownFileType = sourcecode.c.h; path = TYBaseAnimation.h; sourceTree = "<group>"; };
		84AD55EB24442B7400004B7E /* TYAlertFadeAnimation.m */ = {isa = PBXFileReference; fileEncoding = 4; lastKnownFileType = sourcecode.c.objc; path = TYAlertFadeAnimation.m; sourceTree = "<group>"; };
		84AD55EC24442B7400004B7E /* TYAlertController+TransitionAnimate.m */ = {isa = PBXFileReference; fileEncoding = 4; lastKnownFileType = sourcecode.c.objc; path = "TYAlertController+TransitionAnimate.m"; sourceTree = "<group>"; };
		84AD55ED24442B7400004B7E /* TYAlertController.h */ = {isa = PBXFileReference; fileEncoding = 4; lastKnownFileType = sourcecode.c.h; path = TYAlertController.h; sourceTree = "<group>"; };
		84AD55EE24442B7400004B7E /* UIView+TYAutoLayout.m */ = {isa = PBXFileReference; fileEncoding = 4; lastKnownFileType = sourcecode.c.objc; path = "UIView+TYAutoLayout.m"; sourceTree = "<group>"; };
		84AD55EF24442B7400004B7E /* TYAlertDropDownAnimation.m */ = {isa = PBXFileReference; fileEncoding = 4; lastKnownFileType = sourcecode.c.objc; path = TYAlertDropDownAnimation.m; sourceTree = "<group>"; };
		84AD55F024442B7400004B7E /* TYAlertView.h */ = {isa = PBXFileReference; fileEncoding = 4; lastKnownFileType = sourcecode.c.h; path = TYAlertView.h; sourceTree = "<group>"; };
		84AD55F124442B7400004B7E /* UIView+TYAlertView.h */ = {isa = PBXFileReference; fileEncoding = 4; lastKnownFileType = sourcecode.c.h; path = "UIView+TYAlertView.h"; sourceTree = "<group>"; };
		84AD55F224442B7400004B7E /* TYShowAlertView.m */ = {isa = PBXFileReference; fileEncoding = 4; lastKnownFileType = sourcecode.c.objc; path = TYShowAlertView.m; sourceTree = "<group>"; };
		84AD55F324442B7400004B7E /* TYBaseAnimation.m */ = {isa = PBXFileReference; fileEncoding = 4; lastKnownFileType = sourcecode.c.objc; path = TYBaseAnimation.m; sourceTree = "<group>"; };
		84AD55F424442B7400004B7E /* TYAlertScaleFadeAnimation.h */ = {isa = PBXFileReference; fileEncoding = 4; lastKnownFileType = sourcecode.c.h; path = TYAlertScaleFadeAnimation.h; sourceTree = "<group>"; };
		84AD55F524442B7400004B7E /* TYAlertController.m */ = {isa = PBXFileReference; fileEncoding = 4; lastKnownFileType = sourcecode.c.objc; path = TYAlertController.m; sourceTree = "<group>"; };
		84AD55F624442B7400004B7E /* TYAlertFadeAnimation.h */ = {isa = PBXFileReference; fileEncoding = 4; lastKnownFileType = sourcecode.c.h; path = TYAlertFadeAnimation.h; sourceTree = "<group>"; };
		84AD560224442BC000004B7E /* YXToolAlert.m */ = {isa = PBXFileReference; fileEncoding = 4; lastKnownFileType = sourcecode.c.objc; path = YXToolAlert.m; sourceTree = "<group>"; };
		84AD560324442BC000004B7E /* YXToolAlert.h */ = {isa = PBXFileReference; fileEncoding = 4; lastKnownFileType = sourcecode.c.h; path = YXToolAlert.h; sourceTree = "<group>"; };
		84AD560524442BDF00004B7E /* YXToolAlertVC.h */ = {isa = PBXFileReference; lastKnownFileType = sourcecode.c.h; path = YXToolAlertVC.h; sourceTree = "<group>"; };
		84AD560624442BDF00004B7E /* YXToolAlertVC.m */ = {isa = PBXFileReference; lastKnownFileType = sourcecode.c.objc; path = YXToolAlertVC.m; sourceTree = "<group>"; };
		84E92ADB260349F400CCF2C3 /* YXEvaluationStarView.h */ = {isa = PBXFileReference; fileEncoding = 4; lastKnownFileType = sourcecode.c.h; path = YXEvaluationStarView.h; sourceTree = "<group>"; };
		84E92ADC260349F400CCF2C3 /* YXEvaluationStarView.m */ = {isa = PBXFileReference; fileEncoding = 4; lastKnownFileType = sourcecode.c.objc; path = YXEvaluationStarView.m; sourceTree = "<group>"; };
		B15C400D29B0722E009130B9 /* YXCustomURLProtocol.m */ = {isa = PBXFileReference; fileEncoding = 4; lastKnownFileType = sourcecode.c.objc; path = YXCustomURLProtocol.m; sourceTree = "<group>"; };
		B15C400E29B0722E009130B9 /* YXCustomURLProtocol.h */ = {isa = PBXFileReference; fileEncoding = 4; lastKnownFileType = sourcecode.c.h; path = YXCustomURLProtocol.h; sourceTree = "<group>"; };
		B15EF775284F02180042018B /* YXShoppingMallAdvertingModel.m */ = {isa = PBXFileReference; fileEncoding = 4; lastKnownFileType = sourcecode.c.objc; path = YXShoppingMallAdvertingModel.m; sourceTree = "<group>"; };
		B15EF776284F02180042018B /* YXShoppingMallAdvertingModel.h */ = {isa = PBXFileReference; fileEncoding = 4; lastKnownFileType = sourcecode.c.h; path = YXShoppingMallAdvertingModel.h; sourceTree = "<group>"; };
		B15EF779284F02530042018B /* YXShoppingMallCategoryModel.m */ = {isa = PBXFileReference; fileEncoding = 4; lastKnownFileType = sourcecode.c.objc; path = YXShoppingMallCategoryModel.m; sourceTree = "<group>"; };
		B15EF77A284F02530042018B /* YXShoppingMallCategoryModel.h */ = {isa = PBXFileReference; fileEncoding = 4; lastKnownFileType = sourcecode.c.h; path = YXShoppingMallCategoryModel.h; sourceTree = "<group>"; };
		B16BCA5D274DDB610002B606 /* YXPageControl.m */ = {isa = PBXFileReference; fileEncoding = 4; lastKnownFileType = sourcecode.c.objc; path = YXPageControl.m; sourceTree = "<group>"; };
		B16BCA5E274DDB610002B606 /* YXFuncCycleScrollView.m */ = {isa = PBXFileReference; fileEncoding = 4; lastKnownFileType = sourcecode.c.objc; path = YXFuncCycleScrollView.m; sourceTree = "<group>"; };
		B16BCA5F274DDB610002B606 /* YXPageControl.h */ = {isa = PBXFileReference; fileEncoding = 4; lastKnownFileType = sourcecode.c.h; path = YXPageControl.h; sourceTree = "<group>"; };
		B16BCA60274DDB610002B606 /* YXFuncCycleScrollView.h */ = {isa = PBXFileReference; fileEncoding = 4; lastKnownFileType = sourcecode.c.h; path = YXFuncCycleScrollView.h; sourceTree = "<group>"; };
		B16BCA62274DDB610002B606 /* YXEntertainingDiversionsView.h */ = {isa = PBXFileReference; fileEncoding = 4; lastKnownFileType = sourcecode.c.h; path = YXEntertainingDiversionsView.h; sourceTree = "<group>"; };
		B16BCA63274DDB610002B606 /* YXEntertainingDiversionsView.m */ = {isa = PBXFileReference; fileEncoding = 4; lastKnownFileType = sourcecode.c.objc; path = YXEntertainingDiversionsView.m; sourceTree = "<group>"; };
		B16BCA65274DDB610002B606 /* YXFuncScrollBaseView.m */ = {isa = PBXFileReference; fileEncoding = 4; lastKnownFileType = sourcecode.c.objc; path = YXFuncScrollBaseView.m; sourceTree = "<group>"; };
		B16BCA67274DDB610002B606 /* YXFuncScrollBaseTabSecFooterView.h */ = {isa = PBXFileReference; fileEncoding = 4; lastKnownFileType = sourcecode.c.h; path = YXFuncScrollBaseTabSecFooterView.h; sourceTree = "<group>"; };
		B16BCA68274DDB610002B606 /* YXFuncScrollBaseTabSecHeaderView.m */ = {isa = PBXFileReference; fileEncoding = 4; lastKnownFileType = sourcecode.c.objc; path = YXFuncScrollBaseTabSecHeaderView.m; sourceTree = "<group>"; };
		B16BCA69274DDB610002B606 /* YXFuncScrollBaseTabCell.h */ = {isa = PBXFileReference; fileEncoding = 4; lastKnownFileType = sourcecode.c.h; path = YXFuncScrollBaseTabCell.h; sourceTree = "<group>"; };
		B16BCA6A274DDB610002B606 /* YXFuncScrollBaseTabView.h */ = {isa = PBXFileReference; fileEncoding = 4; lastKnownFileType = sourcecode.c.h; path = YXFuncScrollBaseTabView.h; sourceTree = "<group>"; };
		B16BCA6B274DDB610002B606 /* YXFuncScrollBaseTabSecFooterView.m */ = {isa = PBXFileReference; fileEncoding = 4; lastKnownFileType = sourcecode.c.objc; path = YXFuncScrollBaseTabSecFooterView.m; sourceTree = "<group>"; };
		B16BCA6C274DDB610002B606 /* YXFuncScrollBaseTabSecHeaderView.h */ = {isa = PBXFileReference; fileEncoding = 4; lastKnownFileType = sourcecode.c.h; path = YXFuncScrollBaseTabSecHeaderView.h; sourceTree = "<group>"; };
		B16BCA6D274DDB610002B606 /* YXFuncScrollBaseTabCell.m */ = {isa = PBXFileReference; fileEncoding = 4; lastKnownFileType = sourcecode.c.objc; path = YXFuncScrollBaseTabCell.m; sourceTree = "<group>"; };
		B16BCA6E274DDB610002B606 /* YXFuncScrollBaseTabView.m */ = {isa = PBXFileReference; fileEncoding = 4; lastKnownFileType = sourcecode.c.objc; path = YXFuncScrollBaseTabView.m; sourceTree = "<group>"; };
		B16BCA6F274DDB610002B606 /* YXFuncScrollBaseView.h */ = {isa = PBXFileReference; fileEncoding = 4; lastKnownFileType = sourcecode.c.h; path = YXFuncScrollBaseView.h; sourceTree = "<group>"; };
		B16BCA7A274DDB990002B606 /* YXBadgeButton.m */ = {isa = PBXFileReference; fileEncoding = 4; lastKnownFileType = sourcecode.c.objc; path = YXBadgeButton.m; sourceTree = "<group>"; };
		B16BCA7B274DDB990002B606 /* YXBadgeButton.h */ = {isa = PBXFileReference; fileEncoding = 4; lastKnownFileType = sourcecode.c.h; path = YXBadgeButton.h; sourceTree = "<group>"; };
		B174F04A298CAD9D006D6761 /* YXListCountDown.h */ = {isa = PBXFileReference; fileEncoding = 4; lastKnownFileType = sourcecode.c.h; path = YXListCountDown.h; sourceTree = "<group>"; };
		B174F04B298CAD9D006D6761 /* YXListCountDown.m */ = {isa = PBXFileReference; fileEncoding = 4; lastKnownFileType = sourcecode.c.objc; path = YXListCountDown.m; sourceTree = "<group>"; };
		B1A15E512AB1A0A400A68539 /* YXLocationManager.h */ = {isa = PBXFileReference; fileEncoding = 4; lastKnownFileType = sourcecode.c.h; path = YXLocationManager.h; sourceTree = "<group>"; };
		B1A15E522AB1A0A400A68539 /* YXLocationManager.m */ = {isa = PBXFileReference; fileEncoding = 4; lastKnownFileType = sourcecode.c.objc; path = YXLocationManager.m; sourceTree = "<group>"; };
		B1A15ED62AB1A0D300A68539 /* YXCardAnimationView.m */ = {isa = PBXFileReference; fileEncoding = 4; lastKnownFileType = sourcecode.c.objc; path = YXCardAnimationView.m; sourceTree = "<group>"; };
		B1A15ED72AB1A0D300A68539 /* YXCardShowImgV.m */ = {isa = PBXFileReference; fileEncoding = 4; lastKnownFileType = sourcecode.c.objc; path = YXCardShowImgV.m; sourceTree = "<group>"; };
		B1A15ED82AB1A0D300A68539 /* YXCardAnimationView.h */ = {isa = PBXFileReference; fileEncoding = 4; lastKnownFileType = sourcecode.c.h; path = YXCardAnimationView.h; sourceTree = "<group>"; };
		B1A15ED92AB1A0D300A68539 /* YXCardShowImgV.h */ = {isa = PBXFileReference; fileEncoding = 4; lastKnownFileType = sourcecode.c.h; path = YXCardShowImgV.h; sourceTree = "<group>"; };
		B1A15EDD2AB1A0F700A68539 /* PaymentManagerModel.m */ = {isa = PBXFileReference; fileEncoding = 4; lastKnownFileType = sourcecode.c.objc; path = PaymentManagerModel.m; sourceTree = "<group>"; };
		B1A15EDE2AB1A0F700A68539 /* YXPaymentManager.m */ = {isa = PBXFileReference; fileEncoding = 4; lastKnownFileType = sourcecode.c.objc; path = YXPaymentManager.m; sourceTree = "<group>"; };
		B1A15EDF2AB1A0F700A68539 /* YXPaymentManager.h */ = {isa = PBXFileReference; fileEncoding = 4; lastKnownFileType = sourcecode.c.h; path = YXPaymentManager.h; sourceTree = "<group>"; };
		B1A15EE02AB1A0F700A68539 /* PaymentManagerModel.h */ = {isa = PBXFileReference; fileEncoding = 4; lastKnownFileType = sourcecode.c.h; path = PaymentManagerModel.h; sourceTree = "<group>"; };
		B1A15EE82AB1A11000A68539 /* YXAliOSSManager.m */ = {isa = PBXFileReference; fileEncoding = 4; lastKnownFileType = sourcecode.c.objc; path = YXAliOSSManager.m; sourceTree = "<group>"; };
		B1A15EE92AB1A11000A68539 /* YXAliOSSManager.h */ = {isa = PBXFileReference; fileEncoding = 4; lastKnownFileType = sourcecode.c.h; path = YXAliOSSManager.h; sourceTree = "<group>"; };
		B1A15EEC2AB1A11D00A68539 /* YXPublicShareManagerModel.h */ = {isa = PBXFileReference; fileEncoding = 4; lastKnownFileType = sourcecode.c.h; path = YXPublicShareManagerModel.h; sourceTree = "<group>"; };
		B1A15EED2AB1A11D00A68539 /* YXPublicShareManager.h */ = {isa = PBXFileReference; fileEncoding = 4; lastKnownFileType = sourcecode.c.h; path = YXPublicShareManager.h; sourceTree = "<group>"; };
		B1A15EEE2AB1A11D00A68539 /* YXPublicShareManagerModel.m */ = {isa = PBXFileReference; fileEncoding = 4; lastKnownFileType = sourcecode.c.objc; path = YXPublicShareManagerModel.m; sourceTree = "<group>"; };
		B1A15EEF2AB1A11D00A68539 /* YXPublicShareManager.m */ = {isa = PBXFileReference; fileEncoding = 4; lastKnownFileType = sourcecode.c.objc; path = YXPublicShareManager.m; sourceTree = "<group>"; };
		B1A15EF32AB1A12D00A68539 /* YXMJRefreshNormalHomeListFooter.h */ = {isa = PBXFileReference; fileEncoding = 4; lastKnownFileType = sourcecode.c.h; path = YXMJRefreshNormalHomeListFooter.h; sourceTree = "<group>"; };
		B1A15EF42AB1A12D00A68539 /* YXMJRefreshNormalHomeListFooter.m */ = {isa = PBXFileReference; fileEncoding = 4; lastKnownFileType = sourcecode.c.objc; path = YXMJRefreshNormalHomeListFooter.m; sourceTree = "<group>"; };
		B1A15EF72AB1A16A00A68539 /* YXWaterFallLayout.m */ = {isa = PBXFileReference; fileEncoding = 4; lastKnownFileType = sourcecode.c.objc; path = YXWaterFallLayout.m; sourceTree = "<group>"; };
		B1A15EF82AB1A16A00A68539 /* YXWaterFallLayout.h */ = {isa = PBXFileReference; fileEncoding = 4; lastKnownFileType = sourcecode.c.h; path = YXWaterFallLayout.h; sourceTree = "<group>"; };
		B1A15EFB2AB1A17C00A68539 /* YXProgressSlider.m */ = {isa = PBXFileReference; fileEncoding = 4; lastKnownFileType = sourcecode.c.objc; path = YXProgressSlider.m; sourceTree = "<group>"; };
		B1A15EFC2AB1A17C00A68539 /* YXProgressSlider.h */ = {isa = PBXFileReference; fileEncoding = 4; lastKnownFileType = sourcecode.c.h; path = YXProgressSlider.h; sourceTree = "<group>"; };
		B1D8C0C0273CED0C008B6903 /* NSDictionary+YXCategory.h */ = {isa = PBXFileReference; fileEncoding = 4; lastKnownFileType = sourcecode.c.h; path = "NSDictionary+YXCategory.h"; sourceTree = "<group>"; };
		B1D8C0C1273CED0C008B6903 /* NSDictionary+YXCategory.m */ = {isa = PBXFileReference; fileEncoding = 4; lastKnownFileType = sourcecode.c.objc; path = "NSDictionary+YXCategory.m"; sourceTree = "<group>"; };
		B1F4710529BF0E8900662819 /* YXSharedHTTPManager.h */ = {isa = PBXFileReference; fileEncoding = 4; lastKnownFileType = sourcecode.c.h; path = YXSharedHTTPManager.h; sourceTree = "<group>"; };
		B1F4710629BF0E8900662819 /* YXBigFileDownloadRequest.m */ = {isa = PBXFileReference; fileEncoding = 4; lastKnownFileType = sourcecode.c.objc; path = YXBigFileDownloadRequest.m; sourceTree = "<group>"; };
		B1F4710729BF0E8900662819 /* YXNetworkRequest.h */ = {isa = PBXFileReference; fileEncoding = 4; lastKnownFileType = sourcecode.c.h; path = YXNetworkRequest.h; sourceTree = "<group>"; };
		B1F4710829BF0E8900662819 /* YXSharedHTTPManager.m */ = {isa = PBXFileReference; fileEncoding = 4; lastKnownFileType = sourcecode.c.objc; path = YXSharedHTTPManager.m; sourceTree = "<group>"; };
		B1F4710929BF0E8900662819 /* YXNetworkRequest.m */ = {isa = PBXFileReference; fileEncoding = 4; lastKnownFileType = sourcecode.c.objc; path = YXNetworkRequest.m; sourceTree = "<group>"; };
		B1F4710A29BF0E8900662819 /* YXBigFileDownloadRequest.h */ = {isa = PBXFileReference; fileEncoding = 4; lastKnownFileType = sourcecode.c.h; path = YXBigFileDownloadRequest.h; sourceTree = "<group>"; };
		B1F4711329BF151600662819 /* UIImageView+YXCategory.h */ = {isa = PBXFileReference; fileEncoding = 4; lastKnownFileType = sourcecode.c.h; path = "UIImageView+YXCategory.h"; sourceTree = "<group>"; };
		B1F4711429BF151600662819 /* UIImageView+YXCategory.m */ = {isa = PBXFileReference; fileEncoding = 4; lastKnownFileType = sourcecode.c.objc; path = "UIImageView+YXCategory.m"; sourceTree = "<group>"; };
		D225CE0D9892892CC4E6F4EF /* Pods-YXCategoryGroupTest.release.xcconfig */ = {isa = PBXFileReference; includeInIndex = 1; lastKnownFileType = text.xcconfig; name = "Pods-YXCategoryGroupTest.release.xcconfig"; path = "Target Support Files/Pods-YXCategoryGroupTest/Pods-YXCategoryGroupTest.release.xcconfig"; sourceTree = "<group>"; };
		E1DA99164CAECFF10B886EA0 /* Pods-YXCategoryGroupTest.debug.xcconfig */ = {isa = PBXFileReference; includeInIndex = 1; lastKnownFileType = text.xcconfig; name = "Pods-YXCategoryGroupTest.debug.xcconfig"; path = "Target Support Files/Pods-YXCategoryGroupTest/Pods-YXCategoryGroupTest.debug.xcconfig"; sourceTree = "<group>"; };
/* End PBXFileReference section */

/* Begin PBXFrameworksBuildPhase section */
		846E554F243EF2BE00CB7233 /* Frameworks */ = {
			isa = PBXFrameworksBuildPhase;
			buildActionMask = 2147483647;
			files = (
				ED4A898F510815808ABB49FF /* libPods-YXCategoryGroupTest.a in Frameworks */,
			);
			runOnlyForDeploymentPostprocessing = 0;
		};
		846E556A243EF2C000CB7233 /* Frameworks */ = {
			isa = PBXFrameworksBuildPhase;
			buildActionMask = 2147483647;
			files = (
			);
			runOnlyForDeploymentPostprocessing = 0;
		};
		846E5575243EF2C000CB7233 /* Frameworks */ = {
			isa = PBXFrameworksBuildPhase;
			buildActionMask = 2147483647;
			files = (
			);
			runOnlyForDeploymentPostprocessing = 0;
		};
/* End PBXFrameworksBuildPhase section */

/* Begin PBXGroup section */
		67A3EDA64635CEE87A63990A /* Pods */ = {
			isa = PBXGroup;
			children = (
				E1DA99164CAECFF10B886EA0 /* Pods-YXCategoryGroupTest.debug.xcconfig */,
				D225CE0D9892892CC4E6F4EF /* Pods-YXCategoryGroupTest.release.xcconfig */,
			);
			path = Pods;
			sourceTree = "<group>";
		};
		844E19CD2440516D009FE378 /* YXTools */ = {
			isa = PBXGroup;
			children = (
				848794202446D9FF0010B23B /* YXToolsPCH.pch */,
				B1A15EFA2AB1A17C00A68539 /* YXProgressSlider */,
				B1A15EF22AB1A12D00A68539 /* YXMJRefresGifManager */,
				B1A15EEB2AB1A11D00A68539 /* YXPublicShareManager */,
				B1A15EE72AB1A11000A68539 /* YXAliOSSManager */,
				B1A15EDC2AB1A0F700A68539 /* YXPayment */,
				B1A15ED52AB1A0D300A68539 /* YXCardAnimationView */,
				B1A15E502AB1A0A400A68539 /* YXLocationManager */,
				B1F4710429BF0E8900662819 /* YXNetworkBase */,
				B15C400C29B07209009130B9 /* YXWebCustomUrlProtocol */,
				B174F049298CAD9D006D6761 /* YXListCountDown */,
				B16BCA79274DDB990002B606 /* YXBadgeButton */,
				B16BCA58274DDB610002B606 /* YXFuncScrollView */,
				84AD55DF24442B1F00004B7E /* YXToolAlert */,
				84AD55DB2444016D00004B7E /* YXToolMedia */,
				844E19D52440552C009FE378 /* YXToolLocalSave */,
				844E19CE244051C5009FE378 /* YXToolLogs */,
				84E92AD1260344BD00CCF2C3 /* YXToolMallEvaluation */,
			);
			path = YXTools;
			sourceTree = "<group>";
		};
		844E19CE244051C5009FE378 /* YXToolLogs */ = {
			isa = PBXGroup;
			children = (
				844E19D92440563C009FE378 /* YXToolLogs.h */,
				844E19DA2440563C009FE378 /* YXToolLogs.m */,
			);
			path = YXToolLogs;
			sourceTree = "<group>";
		};
		844E19D52440552C009FE378 /* YXToolLocalSave */ = {
			isa = PBXGroup;
			children = (
				844E19EB24407B56009FE378 /* YXToolAppBaseMessage.h */,
				844E19EC24407B56009FE378 /* YXToolAppBaseMessage.m */,
				844E19DC24405707009FE378 /* YXToolLocalSave.h */,
				844E19DD24405707009FE378 /* YXToolLocalSave.m */,
				844E19E524406F3D009FE378 /* YXToolLocalSaveBySqlite.h */,
				844E19E624406F3D009FE378 /* YXToolLocalSaveBySqlite.m */,
				844E19E2244057D4009FE378 /* YXToolLocalSaveByKeychain.h */,
				844E19E3244057D4009FE378 /* YXToolLocalSaveByKeychain.m */,
				844E19E824407990009FE378 /* YXToolGetSandbox.h */,
				844E19E924407990009FE378 /* YXToolGetSandbox.m */,
				84AD55D92443F7CE00004B7E /* YXToolLocalSavePlist.plist */,
			);
			path = YXToolLocalSave;
			sourceTree = "<group>";
		};
		846E5549243EF2BE00CB7233 = {
			isa = PBXGroup;
			children = (
				846E5554243EF2BE00CB7233 /* YXCategoryGroupTest */,
				846E5570243EF2C000CB7233 /* YXCategoryGroupTestTests */,
				846E557B243EF2C000CB7233 /* YXCategoryGroupTestUITests */,
				846E5553243EF2BE00CB7233 /* Products */,
				67A3EDA64635CEE87A63990A /* Pods */,
				A856D924EECBE5975047BC24 /* Frameworks */,
			);
			sourceTree = "<group>";
		};
		846E5553243EF2BE00CB7233 /* Products */ = {
			isa = PBXGroup;
			children = (
				846E5552243EF2BE00CB7233 /* YXCategoryGroupTest.app */,
				846E556D243EF2C000CB7233 /* YXCategoryGroupTestTests.xctest */,
				846E5578243EF2C000CB7233 /* YXCategoryGroupTestUITests.xctest */,
			);
			name = Products;
			sourceTree = "<group>";
		};
		846E5554243EF2BE00CB7233 /* YXCategoryGroupTest */ = {
			isa = PBXGroup;
			children = (
				844E19D42440532A009FE378 /* YXClassesReferencePCH.pch */,
				844E19CD2440516D009FE378 /* YXTools */,
				846E558A243EF2D200CB7233 /* YXCategorys */,
				846E5555243EF2BE00CB7233 /* AppDelegate.h */,
				846E5556243EF2BE00CB7233 /* AppDelegate.m */,
				846E5558243EF2BE00CB7233 /* SceneDelegate.h */,
				846E5559243EF2BE00CB7233 /* SceneDelegate.m */,
				846E555B243EF2BE00CB7233 /* ViewController.h */,
				846E555C243EF2BE00CB7233 /* ViewController.m */,
				846E555E243EF2BE00CB7233 /* Main.storyboard */,
				846E5561243EF2C000CB7233 /* Assets.xcassets */,
				846E5563243EF2C000CB7233 /* LaunchScreen.storyboard */,
				846E5566243EF2C000CB7233 /* Info.plist */,
				846E5567243EF2C000CB7233 /* main.m */,
				84A67C312490AAC100BACE1B /* test.mov */,
			);
			path = YXCategoryGroupTest;
			sourceTree = "<group>";
		};
		846E5570243EF2C000CB7233 /* YXCategoryGroupTestTests */ = {
			isa = PBXGroup;
			children = (
				846E5571243EF2C000CB7233 /* YXCategoryGroupTestTests.m */,
				846E5573243EF2C000CB7233 /* Info.plist */,
			);
			path = YXCategoryGroupTestTests;
			sourceTree = "<group>";
		};
		846E557B243EF2C000CB7233 /* YXCategoryGroupTestUITests */ = {
			isa = PBXGroup;
			children = (
				846E557C243EF2C000CB7233 /* YXCategoryGroupTestUITests.m */,
				846E557E243EF2C000CB7233 /* Info.plist */,
			);
			path = YXCategoryGroupTestUITests;
			sourceTree = "<group>";
		};
		846E558A243EF2D200CB7233 /* YXCategorys */ = {
			isa = PBXGroup;
			children = (
				8487941F2446D9E20010B23B /* YXCategorysPCH.pch */,
				846E558E243EF2D200CB7233 /* YXCategoryBaseManager.h */,
				846E559C243EF2D200CB7233 /* YXCategoryBaseManager.m */,
				B1F4711229BF151600662819 /* YXCategoryUIImageView */,
				846E55A7243EFBB000CB7233 /* YXCategoryNSObject */,
				846E5595243EF2D200CB7233 /* YXCategoryUIView */,
				846E559D243EF2D200CB7233 /* YXCategoryUIImage */,
				846E55AB243F152900CB7233 /* YXCategoryUIButton */,
				846E558B243EF2D200CB7233 /* YXCategoryUIColor */,
				846E5592243EF2D200CB7233 /* YXCategoryNSString */,
				846E558F243EF2D200CB7233 /* YXCategoryNSArray */,
				846E5599243EF2D200CB7233 /* YXCategoryNSDictionary */,
			);
			path = YXCategorys;
			sourceTree = "<group>";
		};
		846E558B243EF2D200CB7233 /* YXCategoryUIColor */ = {
			isa = PBXGroup;
			children = (
				846E558D243EF2D200CB7233 /* UIColor+YXCategory.h */,
				846E558C243EF2D200CB7233 /* UIColor+YXCategory.m */,
			);
			path = YXCategoryUIColor;
			sourceTree = "<group>";
		};
		846E558F243EF2D200CB7233 /* YXCategoryNSArray */ = {
			isa = PBXGroup;
			children = (
				846E5590243EF2D200CB7233 /* NSMutableArray+YXCategory.h */,
				846E5591243EF2D200CB7233 /* NSMutableArray+YXCategory.m */,
			);
			path = YXCategoryNSArray;
			sourceTree = "<group>";
		};
		846E5592243EF2D200CB7233 /* YXCategoryNSString */ = {
			isa = PBXGroup;
			children = (
				846E5594243EF2D200CB7233 /* NSString+YXCategory.h */,
				846E5593243EF2D200CB7233 /* NSString+YXCategory.m */,
			);
			path = YXCategoryNSString;
			sourceTree = "<group>";
		};
		846E5595243EF2D200CB7233 /* YXCategoryUIView */ = {
			isa = PBXGroup;
			children = (
				846E5597243EF2D200CB7233 /* UIView+YXCategory.h */,
				846E5596243EF2D200CB7233 /* UIView+YXCategory.m */,
			);
			path = YXCategoryUIView;
			sourceTree = "<group>";
		};
		846E5599243EF2D200CB7233 /* YXCategoryNSDictionary */ = {
			isa = PBXGroup;
			children = (
				846E559A243EF2D200CB7233 /* NSMutableDictionary+YXCategory.h */,
				846E559B243EF2D200CB7233 /* NSMutableDictionary+YXCategory.m */,
				B1D8C0C0273CED0C008B6903 /* NSDictionary+YXCategory.h */,
				B1D8C0C1273CED0C008B6903 /* NSDictionary+YXCategory.m */,
			);
			path = YXCategoryNSDictionary;
			sourceTree = "<group>";
		};
		846E559D243EF2D200CB7233 /* YXCategoryUIImage */ = {
			isa = PBXGroup;
			children = (
				846E559E243EF2D200CB7233 /* UIImage+YXCategory.h */,
				846E559F243EF2D200CB7233 /* UIImage+YXCategory.m */,
			);
			path = YXCategoryUIImage;
			sourceTree = "<group>";
		};
		846E55A7243EFBB000CB7233 /* YXCategoryNSObject */ = {
			isa = PBXGroup;
			children = (
				846E55A8243EFBCD00CB7233 /* NSObject+YXCategory.h */,
				846E55A9243EFBCD00CB7233 /* NSObject+YXCategory.m */,
			);
			path = YXCategoryNSObject;
			sourceTree = "<group>";
		};
		846E55AB243F152900CB7233 /* YXCategoryUIButton */ = {
			isa = PBXGroup;
			children = (
				846E55AC243F153C00CB7233 /* UIButton+YXCategory.h */,
				846E55AD243F153C00CB7233 /* UIButton+YXCategory.m */,
			);
			path = YXCategoryUIButton;
			sourceTree = "<group>";
		};
		84AD55DB2444016D00004B7E /* YXToolMedia */ = {
			isa = PBXGroup;
			children = (
				84AD55DC2444018700004B7E /* YXToolMediaManager.h */,
				84AD55DD2444018700004B7E /* YXToolMediaManager.m */,
			);
			path = YXToolMedia;
			sourceTree = "<group>";
		};
		84AD55DF24442B1F00004B7E /* YXToolAlert */ = {
			isa = PBXGroup;
			children = (
				84AD560124442BC000004B7E /* YXToolAlertView */,
				84AD55E324442B7400004B7E /* TYAlertController */,
			);
			path = YXToolAlert;
			sourceTree = "<group>";
		};
		84AD55E324442B7400004B7E /* TYAlertController */ = {
			isa = PBXGroup;
			children = (
				84AD55ED24442B7400004B7E /* TYAlertController.h */,
				84AD55F524442B7400004B7E /* TYAlertController.m */,
				84AD55F024442B7400004B7E /* TYAlertView.h */,
				84AD55E424442B7400004B7E /* TYAlertView.m */,
				84AD55E524442B7400004B7E /* TYAlertDropDownAnimation.h */,
				84AD55EF24442B7400004B7E /* TYAlertDropDownAnimation.m */,
				84AD55E624442B7400004B7E /* UIView+TYAutoLayout.h */,
				84AD55EE24442B7400004B7E /* UIView+TYAutoLayout.m */,
				84AD55E724442B7400004B7E /* TYShowAlertView.h */,
				84AD55F224442B7400004B7E /* TYShowAlertView.m */,
				84AD55EA24442B7400004B7E /* TYBaseAnimation.h */,
				84AD55F324442B7400004B7E /* TYBaseAnimation.m */,
				84AD55F624442B7400004B7E /* TYAlertFadeAnimation.h */,
				84AD55EB24442B7400004B7E /* TYAlertFadeAnimation.m */,
				84AD55F124442B7400004B7E /* UIView+TYAlertView.h */,
				84AD55E824442B7400004B7E /* UIView+TYAlertView.m */,
				84AD55E924442B7400004B7E /* TYAlertScaleFadeAnimation.m */,
				84AD55F424442B7400004B7E /* TYAlertScaleFadeAnimation.h */,
				84AD55EC24442B7400004B7E /* TYAlertController+TransitionAnimate.m */,
			);
			path = TYAlertController;
			sourceTree = "<group>";
		};
		84AD560124442BC000004B7E /* YXToolAlertView */ = {
			isa = PBXGroup;
			children = (
				84AD560324442BC000004B7E /* YXToolAlert.h */,
				84AD560224442BC000004B7E /* YXToolAlert.m */,
				84AD560524442BDF00004B7E /* YXToolAlertVC.h */,
				84AD560624442BDF00004B7E /* YXToolAlertVC.m */,
			);
			path = YXToolAlertView;
			sourceTree = "<group>";
		};
		84E92AD1260344BD00CCF2C3 /* YXToolMallEvaluation */ = {
			isa = PBXGroup;
			children = (
				84E92ADB260349F400CCF2C3 /* YXEvaluationStarView.h */,
				84E92ADC260349F400CCF2C3 /* YXEvaluationStarView.m */,
			);
			path = YXToolMallEvaluation;
			sourceTree = "<group>";
		};
		A856D924EECBE5975047BC24 /* Frameworks */ = {
			isa = PBXGroup;
			children = (
				2DADE9BDC1F0DE5E9334AFEC /* libPods-YXCategoryGroupTest.a */,
			);
			name = Frameworks;
			sourceTree = "<group>";
		};
		B15C400C29B07209009130B9 /* YXWebCustomUrlProtocol */ = {
			isa = PBXGroup;
			children = (
				B15C400E29B0722E009130B9 /* YXCustomURLProtocol.h */,
				B15C400D29B0722E009130B9 /* YXCustomURLProtocol.m */,
			);
			path = YXWebCustomUrlProtocol;
			sourceTree = "<group>";
		};
		B15EF774284F02180042018B /* YXShoppingMallAdvertingModel */ = {
			isa = PBXGroup;
			children = (
				B15EF776284F02180042018B /* YXShoppingMallAdvertingModel.h */,
				B15EF775284F02180042018B /* YXShoppingMallAdvertingModel.m */,
			);
			path = YXShoppingMallAdvertingModel;
			sourceTree = "<group>";
		};
		B15EF778284F02530042018B /* YXShoppingMallCategoryModel */ = {
			isa = PBXGroup;
			children = (
				B15EF77A284F02530042018B /* YXShoppingMallCategoryModel.h */,
				B15EF779284F02530042018B /* YXShoppingMallCategoryModel.m */,
			);
			path = YXShoppingMallCategoryModel;
			sourceTree = "<group>";
		};
		B16BCA58274DDB610002B606 /* YXFuncScrollView */ = {
			isa = PBXGroup;
			children = (
				B1A15EF62AB1A16A00A68539 /* YXWaterFallLayout */,
				B16BCA61274DDB610002B606 /* YXEntertainingDiversionsView */,
				B16BCA59274DDB610002B606 /* YXFuncCycleScrollView */,
				B16BCA64274DDB610002B606 /* YXFuncPinScrollView */,
			);
			path = YXFuncScrollView;
			sourceTree = "<group>";
		};
		B16BCA59274DDB610002B606 /* YXFuncCycleScrollView */ = {
			isa = PBXGroup;
			children = (
				B15EF778284F02530042018B /* YXShoppingMallCategoryModel */,
				B15EF774284F02180042018B /* YXShoppingMallAdvertingModel */,
				B16BCA60274DDB610002B606 /* YXFuncCycleScrollView.h */,
				B16BCA5E274DDB610002B606 /* YXFuncCycleScrollView.m */,
				B16BCA5F274DDB610002B606 /* YXPageControl.h */,
				B16BCA5D274DDB610002B606 /* YXPageControl.m */,
			);
			path = YXFuncCycleScrollView;
			sourceTree = "<group>";
		};
		B16BCA61274DDB610002B606 /* YXEntertainingDiversionsView */ = {
			isa = PBXGroup;
			children = (
				B16BCA62274DDB610002B606 /* YXEntertainingDiversionsView.h */,
				B16BCA63274DDB610002B606 /* YXEntertainingDiversionsView.m */,
			);
			path = YXEntertainingDiversionsView;
			sourceTree = "<group>";
		};
		B16BCA64274DDB610002B606 /* YXFuncPinScrollView */ = {
			isa = PBXGroup;
			children = (
				B16BCA66274DDB610002B606 /* YXFuncScrollBaseTabView */,
				B16BCA6F274DDB610002B606 /* YXFuncScrollBaseView.h */,
				B16BCA65274DDB610002B606 /* YXFuncScrollBaseView.m */,
			);
			path = YXFuncPinScrollView;
			sourceTree = "<group>";
		};
		B16BCA66274DDB610002B606 /* YXFuncScrollBaseTabView */ = {
			isa = PBXGroup;
			children = (
				B16BCA69274DDB610002B606 /* YXFuncScrollBaseTabCell.h */,
				B16BCA6D274DDB610002B606 /* YXFuncScrollBaseTabCell.m */,
				B16BCA67274DDB610002B606 /* YXFuncScrollBaseTabSecFooterView.h */,
				B16BCA6B274DDB610002B606 /* YXFuncScrollBaseTabSecFooterView.m */,
				B16BCA6C274DDB610002B606 /* YXFuncScrollBaseTabSecHeaderView.h */,
				B16BCA68274DDB610002B606 /* YXFuncScrollBaseTabSecHeaderView.m */,
				B16BCA6A274DDB610002B606 /* YXFuncScrollBaseTabView.h */,
				B16BCA6E274DDB610002B606 /* YXFuncScrollBaseTabView.m */,
			);
			path = YXFuncScrollBaseTabView;
			sourceTree = "<group>";
		};
		B16BCA79274DDB990002B606 /* YXBadgeButton */ = {
			isa = PBXGroup;
			children = (
				B16BCA7A274DDB990002B606 /* YXBadgeButton.m */,
				B16BCA7B274DDB990002B606 /* YXBadgeButton.h */,
			);
			path = YXBadgeButton;
			sourceTree = "<group>";
		};
		B174F049298CAD9D006D6761 /* YXListCountDown */ = {
			isa = PBXGroup;
			children = (
				B174F04A298CAD9D006D6761 /* YXListCountDown.h */,
				B174F04B298CAD9D006D6761 /* YXListCountDown.m */,
			);
			path = YXListCountDown;
			sourceTree = "<group>";
		};
		B1A15E502AB1A0A400A68539 /* YXLocationManager */ = {
			isa = PBXGroup;
			children = (
				B1A15E512AB1A0A400A68539 /* YXLocationManager.h */,
				B1A15E522AB1A0A400A68539 /* YXLocationManager.m */,
			);
			path = YXLocationManager;
			sourceTree = "<group>";
		};
		B1A15ED52AB1A0D300A68539 /* YXCardAnimationView */ = {
			isa = PBXGroup;
			children = (
				B1A15ED62AB1A0D300A68539 /* YXCardAnimationView.m */,
				B1A15ED72AB1A0D300A68539 /* YXCardShowImgV.m */,
				B1A15ED82AB1A0D300A68539 /* YXCardAnimationView.h */,
				B1A15ED92AB1A0D300A68539 /* YXCardShowImgV.h */,
			);
			path = YXCardAnimationView;
			sourceTree = "<group>";
		};
		B1A15EDC2AB1A0F700A68539 /* YXPayment */ = {
			isa = PBXGroup;
			children = (
				B1A15EDD2AB1A0F700A68539 /* PaymentManagerModel.m */,
				B1A15EDE2AB1A0F700A68539 /* YXPaymentManager.m */,
				B1A15EDF2AB1A0F700A68539 /* YXPaymentManager.h */,
				B1A15EE02AB1A0F700A68539 /* PaymentManagerModel.h */,
			);
			name = YXPayment;
			path = "../../../../../项目/社交项目/社交-客户端/MuchProj/Common/YXCommon/YXTools/YXPayment";
			sourceTree = "<group>";
		};
		B1A15EE72AB1A11000A68539 /* YXAliOSSManager */ = {
			isa = PBXGroup;
			children = (
				B1A15EE82AB1A11000A68539 /* YXAliOSSManager.m */,
				B1A15EE92AB1A11000A68539 /* YXAliOSSManager.h */,
			);
			name = YXAliOSSManager;
			path = "../../../../../项目/社交项目/社交-客户端/MuchProj/Common/YXCommon/YXTools/YXAliOSSManager";
			sourceTree = "<group>";
		};
		B1A15EEB2AB1A11D00A68539 /* YXPublicShareManager */ = {
			isa = PBXGroup;
			children = (
				B1A15EEC2AB1A11D00A68539 /* YXPublicShareManagerModel.h */,
				B1A15EED2AB1A11D00A68539 /* YXPublicShareManager.h */,
				B1A15EEE2AB1A11D00A68539 /* YXPublicShareManagerModel.m */,
				B1A15EEF2AB1A11D00A68539 /* YXPublicShareManager.m */,
			);
			name = YXPublicShareManager;
			path = "../../../../../项目/社交项目/社交-客户端/MuchProj/Common/YXCommon/YXTools/YXPublicShareManager";
			sourceTree = "<group>";
		};
		B1A15EF22AB1A12D00A68539 /* YXMJRefresGifManager */ = {
			isa = PBXGroup;
			children = (
				B1A15EF32AB1A12D00A68539 /* YXMJRefreshNormalHomeListFooter.h */,
				B1A15EF42AB1A12D00A68539 /* YXMJRefreshNormalHomeListFooter.m */,
			);
			name = YXMJRefresGifManager;
			path = "../../../../../项目/社交项目/社交-客户端/MuchProj/Common/YXCommon/YXTools/YXMJRefresGifManager";
			sourceTree = "<group>";
		};
		B1A15EF62AB1A16A00A68539 /* YXWaterFallLayout */ = {
			isa = PBXGroup;
			children = (
				B1A15EF72AB1A16A00A68539 /* YXWaterFallLayout.m */,
				B1A15EF82AB1A16A00A68539 /* YXWaterFallLayout.h */,
			);
			path = YXWaterFallLayout;
			sourceTree = "<group>";
		};
		B1A15EFA2AB1A17C00A68539 /* YXProgressSlider */ = {
			isa = PBXGroup;
			children = (
				B1A15EFB2AB1A17C00A68539 /* YXProgressSlider.m */,
				B1A15EFC2AB1A17C00A68539 /* YXProgressSlider.h */,
			);
			name = YXProgressSlider;
			path = "../../../../../项目/社交项目/社交-客户端/MuchProj/Common/YXCommon/YXTools/YXProgressSlider";
			sourceTree = "<group>";
		};
		B1F4710429BF0E8900662819 /* YXNetworkBase */ = {
			isa = PBXGroup;
			children = (
				B1F4710729BF0E8900662819 /* YXNetworkRequest.h */,
				B1F4710929BF0E8900662819 /* YXNetworkRequest.m */,
				B1F4710529BF0E8900662819 /* YXSharedHTTPManager.h */,
				B1F4710829BF0E8900662819 /* YXSharedHTTPManager.m */,
				B1F4710A29BF0E8900662819 /* YXBigFileDownloadRequest.h */,
				B1F4710629BF0E8900662819 /* YXBigFileDownloadRequest.m */,
			);
			path = YXNetworkBase;
			sourceTree = "<group>";
		};
		B1F4711229BF151600662819 /* YXCategoryUIImageView */ = {
			isa = PBXGroup;
			children = (
				B1F4711329BF151600662819 /* UIImageView+YXCategory.h */,
				B1F4711429BF151600662819 /* UIImageView+YXCategory.m */,
			);
			path = YXCategoryUIImageView;
			sourceTree = "<group>";
		};
/* End PBXGroup section */

/* Begin PBXNativeTarget section */
		846E5551243EF2BE00CB7233 /* YXCategoryGroupTest */ = {
			isa = PBXNativeTarget;
			buildConfigurationList = 846E5581243EF2C000CB7233 /* Build configuration list for PBXNativeTarget "YXCategoryGroupTest" */;
			buildPhases = (
				5DD2B74975DE3921ADDEABA3 /* [CP] Check Pods Manifest.lock */,
				846E554E243EF2BE00CB7233 /* Sources */,
				846E554F243EF2BE00CB7233 /* Frameworks */,
				846E5550243EF2BE00CB7233 /* Resources */,
				6751102320DF4CDD25E5CD1E /* [CP] Copy Pods Resources */,
			);
			buildRules = (
			);
			dependencies = (
			);
			name = YXCategoryGroupTest;
			productName = YXCategoryGroupTest;
			productReference = 846E5552243EF2BE00CB7233 /* YXCategoryGroupTest.app */;
			productType = "com.apple.product-type.application";
		};
		846E556C243EF2C000CB7233 /* YXCategoryGroupTestTests */ = {
			isa = PBXNativeTarget;
			buildConfigurationList = 846E5584243EF2C000CB7233 /* Build configuration list for PBXNativeTarget "YXCategoryGroupTestTests" */;
			buildPhases = (
				846E5569243EF2C000CB7233 /* Sources */,
				846E556A243EF2C000CB7233 /* Frameworks */,
				846E556B243EF2C000CB7233 /* Resources */,
			);
			buildRules = (
			);
			dependencies = (
				846E556F243EF2C000CB7233 /* PBXTargetDependency */,
			);
			name = YXCategoryGroupTestTests;
			productName = YXCategoryGroupTestTests;
			productReference = 846E556D243EF2C000CB7233 /* YXCategoryGroupTestTests.xctest */;
			productType = "com.apple.product-type.bundle.unit-test";
		};
		846E5577243EF2C000CB7233 /* YXCategoryGroupTestUITests */ = {
			isa = PBXNativeTarget;
			buildConfigurationList = 846E5587243EF2C000CB7233 /* Build configuration list for PBXNativeTarget "YXCategoryGroupTestUITests" */;
			buildPhases = (
				846E5574243EF2C000CB7233 /* Sources */,
				846E5575243EF2C000CB7233 /* Frameworks */,
				846E5576243EF2C000CB7233 /* Resources */,
			);
			buildRules = (
			);
			dependencies = (
				846E557A243EF2C000CB7233 /* PBXTargetDependency */,
			);
			name = YXCategoryGroupTestUITests;
			productName = YXCategoryGroupTestUITests;
			productReference = 846E5578243EF2C000CB7233 /* YXCategoryGroupTestUITests.xctest */;
			productType = "com.apple.product-type.bundle.ui-testing";
		};
/* End PBXNativeTarget section */

/* Begin PBXProject section */
		846E554A243EF2BE00CB7233 /* Project object */ = {
			isa = PBXProject;
			attributes = {
				LastUpgradeCheck = 1120;
				ORGANIZATIONNAME = August;
				TargetAttributes = {
					846E5551243EF2BE00CB7233 = {
						CreatedOnToolsVersion = 11.2.1;
					};
					846E556C243EF2C000CB7233 = {
						CreatedOnToolsVersion = 11.2.1;
						TestTargetID = 846E5551243EF2BE00CB7233;
					};
					846E5577243EF2C000CB7233 = {
						CreatedOnToolsVersion = 11.2.1;
						TestTargetID = 846E5551243EF2BE00CB7233;
					};
				};
			};
			buildConfigurationList = 846E554D243EF2BE00CB7233 /* Build configuration list for PBXProject "YXCategoryGroupTest" */;
			compatibilityVersion = "Xcode 9.3";
			developmentRegion = en;
			hasScannedForEncodings = 0;
			knownRegions = (
				en,
				Base,
			);
			mainGroup = 846E5549243EF2BE00CB7233;
			productRefGroup = 846E5553243EF2BE00CB7233 /* Products */;
			projectDirPath = "";
			projectRoot = "";
			targets = (
				846E5551243EF2BE00CB7233 /* YXCategoryGroupTest */,
				846E556C243EF2C000CB7233 /* YXCategoryGroupTestTests */,
				846E5577243EF2C000CB7233 /* YXCategoryGroupTestUITests */,
			);
		};
/* End PBXProject section */

/* Begin PBXResourcesBuildPhase section */
		846E5550243EF2BE00CB7233 /* Resources */ = {
			isa = PBXResourcesBuildPhase;
			buildActionMask = 2147483647;
			files = (
				84A67C322490AAC100BACE1B /* test.mov in Resources */,
				846E5565243EF2C000CB7233 /* LaunchScreen.storyboard in Resources */,
				84AD55DA2443F7CE00004B7E /* YXToolLocalSavePlist.plist in Resources */,
				846E5562243EF2C000CB7233 /* Assets.xcassets in Resources */,
				846E5560243EF2BE00CB7233 /* Main.storyboard in Resources */,
			);
			runOnlyForDeploymentPostprocessing = 0;
		};
		846E556B243EF2C000CB7233 /* Resources */ = {
			isa = PBXResourcesBuildPhase;
			buildActionMask = 2147483647;
			files = (
			);
			runOnlyForDeploymentPostprocessing = 0;
		};
		846E5576243EF2C000CB7233 /* Resources */ = {
			isa = PBXResourcesBuildPhase;
			buildActionMask = 2147483647;
			files = (
			);
			runOnlyForDeploymentPostprocessing = 0;
		};
/* End PBXResourcesBuildPhase section */

/* Begin PBXShellScriptBuildPhase section */
		5DD2B74975DE3921ADDEABA3 /* [CP] Check Pods Manifest.lock */ = {
			isa = PBXShellScriptBuildPhase;
			buildActionMask = 2147483647;
			files = (
			);
			inputFileListPaths = (
			);
			inputPaths = (
				"${PODS_PODFILE_DIR_PATH}/Podfile.lock",
				"${PODS_ROOT}/Manifest.lock",
			);
			name = "[CP] Check Pods Manifest.lock";
			outputFileListPaths = (
			);
			outputPaths = (
				"$(DERIVED_FILE_DIR)/Pods-YXCategoryGroupTest-checkManifestLockResult.txt",
			);
			runOnlyForDeploymentPostprocessing = 0;
			shellPath = /bin/sh;
			shellScript = "diff \"${PODS_PODFILE_DIR_PATH}/Podfile.lock\" \"${PODS_ROOT}/Manifest.lock\" > /dev/null\nif [ $? != 0 ] ; then\n    # print error to STDERR\n    echo \"error: The sandbox is not in sync with the Podfile.lock. Run 'pod install' or update your CocoaPods installation.\" >&2\n    exit 1\nfi\n# This output is used by Xcode 'outputs' to avoid re-running this script phase.\necho \"SUCCESS\" > \"${SCRIPT_OUTPUT_FILE_0}\"\n";
			showEnvVarsInLog = 0;
		};
		6751102320DF4CDD25E5CD1E /* [CP] Copy Pods Resources */ = {
			isa = PBXShellScriptBuildPhase;
			buildActionMask = 2147483647;
			files = (
			);
			inputFileListPaths = (
				"${PODS_ROOT}/Target Support Files/Pods-YXCategoryGroupTest/Pods-YXCategoryGroupTest-resources-${CONFIGURATION}-input-files.xcfilelist",
			);
			name = "[CP] Copy Pods Resources";
			outputFileListPaths = (
				"${PODS_ROOT}/Target Support Files/Pods-YXCategoryGroupTest/Pods-YXCategoryGroupTest-resources-${CONFIGURATION}-output-files.xcfilelist",
			);
			runOnlyForDeploymentPostprocessing = 0;
			shellPath = /bin/sh;
			shellScript = "\"${PODS_ROOT}/Target Support Files/Pods-YXCategoryGroupTest/Pods-YXCategoryGroupTest-resources.sh\"\n";
			showEnvVarsInLog = 0;
		};
/* End PBXShellScriptBuildPhase section */

/* Begin PBXSourcesBuildPhase section */
		846E554E243EF2BE00CB7233 /* Sources */ = {
			isa = PBXSourcesBuildPhase;
			buildActionMask = 2147483647;
			files = (
				B1A15EDB2AB1A0D300A68539 /* YXCardShowImgV.m in Sources */,
				84AD55F824442B7400004B7E /* UIView+TYAlertView.m in Sources */,
				B16BCA73274DDB610002B606 /* YXEntertainingDiversionsView.m in Sources */,
				B16BCA75274DDB610002B606 /* YXFuncScrollBaseTabSecHeaderView.m in Sources */,
				B1A15EF12AB1A11D00A68539 /* YXPublicShareManager.m in Sources */,
				846E55A4243EF2D200CB7233 /* NSMutableDictionary+YXCategory.m in Sources */,
				84AD55FA24442B7400004B7E /* TYAlertFadeAnimation.m in Sources */,
				B1D8C0C2273CED0C008B6903 /* NSDictionary+YXCategory.m in Sources */,
				846E55A5243EF2D200CB7233 /* YXCategoryBaseManager.m in Sources */,
				84AD55F924442B7400004B7E /* TYAlertScaleFadeAnimation.m in Sources */,
				84AD55FC24442B7400004B7E /* UIView+TYAutoLayout.m in Sources */,
				84AD55F724442B7400004B7E /* TYAlertView.m in Sources */,
				B16BCA7C274DDB990002B606 /* YXBadgeButton.m in Sources */,
				84AD560424442BC000004B7E /* YXToolAlert.m in Sources */,
				B174F04C298CAD9D006D6761 /* YXListCountDown.m in Sources */,
				B1A15EDA2AB1A0D300A68539 /* YXCardAnimationView.m in Sources */,
				B16BCA74274DDB610002B606 /* YXFuncScrollBaseView.m in Sources */,
				B15EF777284F02180042018B /* YXShoppingMallAdvertingModel.m in Sources */,
				846E555D243EF2BE00CB7233 /* ViewController.m in Sources */,
				B1A15EFD2AB1A17C00A68539 /* YXProgressSlider.m in Sources */,
				846E55A3243EF2D200CB7233 /* UIView+YXCategory.m in Sources */,
				84AD560724442BDF00004B7E /* YXToolAlertVC.m in Sources */,
				B16BCA76274DDB610002B606 /* YXFuncScrollBaseTabSecFooterView.m in Sources */,
				B1A15E532AB1A0A400A68539 /* YXLocationManager.m in Sources */,
				B1A15EEA2AB1A11000A68539 /* YXAliOSSManager.m in Sources */,
				846E5557243EF2BE00CB7233 /* AppDelegate.m in Sources */,
				B1A15EF02AB1A11D00A68539 /* YXPublicShareManagerModel.m in Sources */,
				84AD55DE2444018700004B7E /* YXToolMediaManager.m in Sources */,
				B16BCA77274DDB610002B606 /* YXFuncScrollBaseTabCell.m in Sources */,
				B1F4711529BF151600662819 /* UIImageView+YXCategory.m in Sources */,
				B1A15EE22AB1A0F700A68539 /* YXPaymentManager.m in Sources */,
				B1A15EF92AB1A16A00A68539 /* YXWaterFallLayout.m in Sources */,
				84AD55FE24442B7400004B7E /* TYShowAlertView.m in Sources */,
				844E19E724406F3D009FE378 /* YXToolLocalSaveBySqlite.m in Sources */,
				84AD560024442B7400004B7E /* TYAlertController.m in Sources */,
				B16BCA78274DDB610002B606 /* YXFuncScrollBaseTabView.m in Sources */,
				846E55A1243EF2D200CB7233 /* NSMutableArray+YXCategory.m in Sources */,
				84AD55FB24442B7400004B7E /* TYAlertController+TransitionAnimate.m in Sources */,
				844E19E4244057D4009FE378 /* YXToolLocalSaveByKeychain.m in Sources */,
				846E5568243EF2C000CB7233 /* main.m in Sources */,
				846E55A2243EF2D200CB7233 /* NSString+YXCategory.m in Sources */,
				846E555A243EF2BE00CB7233 /* SceneDelegate.m in Sources */,
				846E55A0243EF2D200CB7233 /* UIColor+YXCategory.m in Sources */,
				B1A15EE12AB1A0F700A68539 /* PaymentManagerModel.m in Sources */,
				B15C400F29B0722E009130B9 /* YXCustomURLProtocol.m in Sources */,
				B1F4710D29BF0E8900662819 /* YXNetworkRequest.m in Sources */,
				B16BCA71274DDB610002B606 /* YXPageControl.m in Sources */,
				84AD55FD24442B7400004B7E /* TYAlertDropDownAnimation.m in Sources */,
				B1A15EF52AB1A12D00A68539 /* YXMJRefreshNormalHomeListFooter.m in Sources */,
				846E55AE243F153C00CB7233 /* UIButton+YXCategory.m in Sources */,
				844E19ED24407B56009FE378 /* YXToolAppBaseMessage.m in Sources */,
				844E19DB2440563C009FE378 /* YXToolLogs.m in Sources */,
				B16BCA72274DDB610002B606 /* YXFuncCycleScrollView.m in Sources */,
				84AD55FF24442B7400004B7E /* TYBaseAnimation.m in Sources */,
				84E92ADD260349F400CCF2C3 /* YXEvaluationStarView.m in Sources */,
				846E55AA243EFBCD00CB7233 /* NSObject+YXCategory.m in Sources */,
				844E19EA24407990009FE378 /* YXToolGetSandbox.m in Sources */,
				846E55A6243EF2D200CB7233 /* UIImage+YXCategory.m in Sources */,
				B1F4710B29BF0E8900662819 /* YXBigFileDownloadRequest.m in Sources */,
				844E19DE24405707009FE378 /* YXToolLocalSave.m in Sources */,
				B15EF77B284F02530042018B /* YXShoppingMallCategoryModel.m in Sources */,
				B1F4710C29BF0E8900662819 /* YXSharedHTTPManager.m in Sources */,
			);
			runOnlyForDeploymentPostprocessing = 0;
		};
		846E5569243EF2C000CB7233 /* Sources */ = {
			isa = PBXSourcesBuildPhase;
			buildActionMask = 2147483647;
			files = (
				846E5572243EF2C000CB7233 /* YXCategoryGroupTestTests.m in Sources */,
			);
			runOnlyForDeploymentPostprocessing = 0;
		};
		846E5574243EF2C000CB7233 /* Sources */ = {
			isa = PBXSourcesBuildPhase;
			buildActionMask = 2147483647;
			files = (
				846E557D243EF2C000CB7233 /* YXCategoryGroupTestUITests.m in Sources */,
			);
			runOnlyForDeploymentPostprocessing = 0;
		};
/* End PBXSourcesBuildPhase section */

/* Begin PBXTargetDependency section */
		846E556F243EF2C000CB7233 /* PBXTargetDependency */ = {
			isa = PBXTargetDependency;
			target = 846E5551243EF2BE00CB7233 /* YXCategoryGroupTest */;
			targetProxy = 846E556E243EF2C000CB7233 /* PBXContainerItemProxy */;
		};
		846E557A243EF2C000CB7233 /* PBXTargetDependency */ = {
			isa = PBXTargetDependency;
			target = 846E5551243EF2BE00CB7233 /* YXCategoryGroupTest */;
			targetProxy = 846E5579243EF2C000CB7233 /* PBXContainerItemProxy */;
		};
/* End PBXTargetDependency section */

/* Begin PBXVariantGroup section */
		846E555E243EF2BE00CB7233 /* Main.storyboard */ = {
			isa = PBXVariantGroup;
			children = (
				846E555F243EF2BE00CB7233 /* Base */,
			);
			name = Main.storyboard;
			sourceTree = "<group>";
		};
		846E5563243EF2C000CB7233 /* LaunchScreen.storyboard */ = {
			isa = PBXVariantGroup;
			children = (
				846E5564243EF2C000CB7233 /* Base */,
			);
			name = LaunchScreen.storyboard;
			sourceTree = "<group>";
		};
/* End PBXVariantGroup section */

/* Begin XCBuildConfiguration section */
		846E557F243EF2C000CB7233 /* Debug */ = {
			isa = XCBuildConfiguration;
			buildSettings = {
				ALWAYS_SEARCH_USER_PATHS = NO;
				CLANG_ANALYZER_NONNULL = YES;
				CLANG_ANALYZER_NUMBER_OBJECT_CONVERSION = YES_AGGRESSIVE;
				CLANG_CXX_LANGUAGE_STANDARD = "gnu++14";
				CLANG_CXX_LIBRARY = "libc++";
				CLANG_ENABLE_MODULES = YES;
				CLANG_ENABLE_OBJC_ARC = YES;
				CLANG_ENABLE_OBJC_WEAK = YES;
				CLANG_WARN_BLOCK_CAPTURE_AUTORELEASING = YES;
				CLANG_WARN_BOOL_CONVERSION = YES;
				CLANG_WARN_COMMA = YES;
				CLANG_WARN_CONSTANT_CONVERSION = YES;
				CLANG_WARN_DEPRECATED_OBJC_IMPLEMENTATIONS = YES;
				CLANG_WARN_DIRECT_OBJC_ISA_USAGE = YES_ERROR;
				CLANG_WARN_DOCUMENTATION_COMMENTS = YES;
				CLANG_WARN_EMPTY_BODY = YES;
				CLANG_WARN_ENUM_CONVERSION = YES;
				CLANG_WARN_INFINITE_RECURSION = YES;
				CLANG_WARN_INT_CONVERSION = YES;
				CLANG_WARN_NON_LITERAL_NULL_CONVERSION = YES;
				CLANG_WARN_OBJC_IMPLICIT_RETAIN_SELF = YES;
				CLANG_WARN_OBJC_LITERAL_CONVERSION = YES;
				CLANG_WARN_OBJC_ROOT_CLASS = YES_ERROR;
				CLANG_WARN_RANGE_LOOP_ANALYSIS = YES;
				CLANG_WARN_STRICT_PROTOTYPES = YES;
				CLANG_WARN_SUSPICIOUS_MOVE = YES;
				CLANG_WARN_UNGUARDED_AVAILABILITY = YES_AGGRESSIVE;
				CLANG_WARN_UNREACHABLE_CODE = YES;
				CLANG_WARN__DUPLICATE_METHOD_MATCH = YES;
				COPY_PHASE_STRIP = NO;
				DEBUG_INFORMATION_FORMAT = dwarf;
				ENABLE_STRICT_OBJC_MSGSEND = YES;
				ENABLE_TESTABILITY = YES;
				GCC_C_LANGUAGE_STANDARD = gnu11;
				GCC_DYNAMIC_NO_PIC = NO;
				GCC_NO_COMMON_BLOCKS = YES;
				GCC_OPTIMIZATION_LEVEL = 0;
				GCC_PREPROCESSOR_DEFINITIONS = (
					"DEBUG=1",
					"$(inherited)",
				);
				GCC_WARN_64_TO_32_BIT_CONVERSION = YES;
				GCC_WARN_ABOUT_RETURN_TYPE = YES_ERROR;
				GCC_WARN_UNDECLARED_SELECTOR = YES;
				GCC_WARN_UNINITIALIZED_AUTOS = YES_AGGRESSIVE;
				GCC_WARN_UNUSED_FUNCTION = YES;
				GCC_WARN_UNUSED_VARIABLE = YES;
				IPHONEOS_DEPLOYMENT_TARGET = 13.2;
				MTL_ENABLE_DEBUG_INFO = INCLUDE_SOURCE;
				MTL_FAST_MATH = YES;
				ONLY_ACTIVE_ARCH = YES;
				SDKROOT = iphoneos;
			};
			name = Debug;
		};
		846E5580243EF2C000CB7233 /* Release */ = {
			isa = XCBuildConfiguration;
			buildSettings = {
				ALWAYS_SEARCH_USER_PATHS = NO;
				CLANG_ANALYZER_NONNULL = YES;
				CLANG_ANALYZER_NUMBER_OBJECT_CONVERSION = YES_AGGRESSIVE;
				CLANG_CXX_LANGUAGE_STANDARD = "gnu++14";
				CLANG_CXX_LIBRARY = "libc++";
				CLANG_ENABLE_MODULES = YES;
				CLANG_ENABLE_OBJC_ARC = YES;
				CLANG_ENABLE_OBJC_WEAK = YES;
				CLANG_WARN_BLOCK_CAPTURE_AUTORELEASING = YES;
				CLANG_WARN_BOOL_CONVERSION = YES;
				CLANG_WARN_COMMA = YES;
				CLANG_WARN_CONSTANT_CONVERSION = YES;
				CLANG_WARN_DEPRECATED_OBJC_IMPLEMENTATIONS = YES;
				CLANG_WARN_DIRECT_OBJC_ISA_USAGE = YES_ERROR;
				CLANG_WARN_DOCUMENTATION_COMMENTS = YES;
				CLANG_WARN_EMPTY_BODY = YES;
				CLANG_WARN_ENUM_CONVERSION = YES;
				CLANG_WARN_INFINITE_RECURSION = YES;
				CLANG_WARN_INT_CONVERSION = YES;
				CLANG_WARN_NON_LITERAL_NULL_CONVERSION = YES;
				CLANG_WARN_OBJC_IMPLICIT_RETAIN_SELF = YES;
				CLANG_WARN_OBJC_LITERAL_CONVERSION = YES;
				CLANG_WARN_OBJC_ROOT_CLASS = YES_ERROR;
				CLANG_WARN_RANGE_LOOP_ANALYSIS = YES;
				CLANG_WARN_STRICT_PROTOTYPES = YES;
				CLANG_WARN_SUSPICIOUS_MOVE = YES;
				CLANG_WARN_UNGUARDED_AVAILABILITY = YES_AGGRESSIVE;
				CLANG_WARN_UNREACHABLE_CODE = YES;
				CLANG_WARN__DUPLICATE_METHOD_MATCH = YES;
				COPY_PHASE_STRIP = NO;
				DEBUG_INFORMATION_FORMAT = "dwarf-with-dsym";
				ENABLE_NS_ASSERTIONS = NO;
				ENABLE_STRICT_OBJC_MSGSEND = YES;
				GCC_C_LANGUAGE_STANDARD = gnu11;
				GCC_NO_COMMON_BLOCKS = YES;
				GCC_WARN_64_TO_32_BIT_CONVERSION = YES;
				GCC_WARN_ABOUT_RETURN_TYPE = YES_ERROR;
				GCC_WARN_UNDECLARED_SELECTOR = YES;
				GCC_WARN_UNINITIALIZED_AUTOS = YES_AGGRESSIVE;
				GCC_WARN_UNUSED_FUNCTION = YES;
				GCC_WARN_UNUSED_VARIABLE = YES;
				IPHONEOS_DEPLOYMENT_TARGET = 13.2;
				MTL_ENABLE_DEBUG_INFO = NO;
				MTL_FAST_MATH = YES;
				SDKROOT = iphoneos;
				VALIDATE_PRODUCT = YES;
			};
			name = Release;
		};
		846E5582243EF2C000CB7233 /* Debug */ = {
			isa = XCBuildConfiguration;
			baseConfigurationReference = E1DA99164CAECFF10B886EA0 /* Pods-YXCategoryGroupTest.debug.xcconfig */;
			buildSettings = {
				ASSETCATALOG_COMPILER_APPICON_NAME = AppIcon;
				CODE_SIGN_STYLE = Automatic;
				DEVELOPMENT_TEAM = 2HSQ24Z864;
				FRAMEWORK_SEARCH_PATHS = (
					"$(inherited)",
					"$(PROJECT_DIR)/YXCategoryGroupTest/YXTools/YXUniappManager/UniMPSDK/Core/Libs",
				);
				GCC_PREFIX_HEADER = "$(SRCROOT)/YXCategoryGroupTest/YXClassesReferencePCH.pch";
				INFOPLIST_FILE = YXCategoryGroupTest/Info.plist;
				IPHONEOS_DEPLOYMENT_TARGET = 10.0;
				LD_RUNPATH_SEARCH_PATHS = (
					"$(inherited)",
					"@executable_path/Frameworks",
				);
				LIBRARY_SEARCH_PATHS = (
					"$(inherited)",
					"$(PROJECT_DIR)/YXCategoryGroupTest/YXTools/YXUniappManager/UniMPSDK/Core/Libs",
				);
				PRODUCT_BUNDLE_IDENTIFIER = com.yhx.YXCategoryGroupTest;
				PRODUCT_NAME = "$(TARGET_NAME)";
				TARGETED_DEVICE_FAMILY = "1,2";
			};
			name = Debug;
		};
		846E5583243EF2C000CB7233 /* Release */ = {
			isa = XCBuildConfiguration;
			baseConfigurationReference = D225CE0D9892892CC4E6F4EF /* Pods-YXCategoryGroupTest.release.xcconfig */;
			buildSettings = {
				ASSETCATALOG_COMPILER_APPICON_NAME = AppIcon;
				CODE_SIGN_STYLE = Automatic;
				DEVELOPMENT_TEAM = 2HSQ24Z864;
				FRAMEWORK_SEARCH_PATHS = (
					"$(inherited)",
					"$(PROJECT_DIR)/YXCategoryGroupTest/YXTools/YXUniappManager/UniMPSDK/Core/Libs",
				);
				GCC_PREFIX_HEADER = "$(SRCROOT)/YXCategoryGroupTest/YXClassesReferencePCH.pch";
				INFOPLIST_FILE = YXCategoryGroupTest/Info.plist;
				IPHONEOS_DEPLOYMENT_TARGET = 10.0;
				LD_RUNPATH_SEARCH_PATHS = (
					"$(inherited)",
					"@executable_path/Frameworks",
				);
				LIBRARY_SEARCH_PATHS = (
					"$(inherited)",
					"$(PROJECT_DIR)/YXCategoryGroupTest/YXTools/YXUniappManager/UniMPSDK/Core/Libs",
				);
				PRODUCT_BUNDLE_IDENTIFIER = com.yhx.YXCategoryGroupTest;
				PRODUCT_NAME = "$(TARGET_NAME)";
				TARGETED_DEVICE_FAMILY = "1,2";
			};
			name = Release;
		};
		846E5585243EF2C000CB7233 /* Debug */ = {
			isa = XCBuildConfiguration;
			buildSettings = {
				BUNDLE_LOADER = "$(TEST_HOST)";
				CODE_SIGN_STYLE = Automatic;
				INFOPLIST_FILE = YXCategoryGroupTestTests/Info.plist;
				IPHONEOS_DEPLOYMENT_TARGET = 13.2;
				LD_RUNPATH_SEARCH_PATHS = (
					"$(inherited)",
					"@executable_path/Frameworks",
					"@loader_path/Frameworks",
				);
				PRODUCT_BUNDLE_IDENTIFIER = com.yhx.YXCategoryGroupTestTests;
				PRODUCT_NAME = "$(TARGET_NAME)";
				TARGETED_DEVICE_FAMILY = "1,2";
				TEST_HOST = "$(BUILT_PRODUCTS_DIR)/YXCategoryGroupTest.app/YXCategoryGroupTest";
			};
			name = Debug;
		};
		846E5586243EF2C000CB7233 /* Release */ = {
			isa = XCBuildConfiguration;
			buildSettings = {
				BUNDLE_LOADER = "$(TEST_HOST)";
				CODE_SIGN_STYLE = Automatic;
				INFOPLIST_FILE = YXCategoryGroupTestTests/Info.plist;
				IPHONEOS_DEPLOYMENT_TARGET = 13.2;
				LD_RUNPATH_SEARCH_PATHS = (
					"$(inherited)",
					"@executable_path/Frameworks",
					"@loader_path/Frameworks",
				);
				PRODUCT_BUNDLE_IDENTIFIER = com.yhx.YXCategoryGroupTestTests;
				PRODUCT_NAME = "$(TARGET_NAME)";
				TARGETED_DEVICE_FAMILY = "1,2";
				TEST_HOST = "$(BUILT_PRODUCTS_DIR)/YXCategoryGroupTest.app/YXCategoryGroupTest";
			};
			name = Release;
		};
		846E5588243EF2C000CB7233 /* Debug */ = {
			isa = XCBuildConfiguration;
			buildSettings = {
				CODE_SIGN_STYLE = Automatic;
				INFOPLIST_FILE = YXCategoryGroupTestUITests/Info.plist;
				LD_RUNPATH_SEARCH_PATHS = (
					"$(inherited)",
					"@executable_path/Frameworks",
					"@loader_path/Frameworks",
				);
				PRODUCT_BUNDLE_IDENTIFIER = com.yhx.YXCategoryGroupTestUITests;
				PRODUCT_NAME = "$(TARGET_NAME)";
				TARGETED_DEVICE_FAMILY = "1,2";
				TEST_TARGET_NAME = YXCategoryGroupTest;
			};
			name = Debug;
		};
		846E5589243EF2C000CB7233 /* Release */ = {
			isa = XCBuildConfiguration;
			buildSettings = {
				CODE_SIGN_STYLE = Automatic;
				INFOPLIST_FILE = YXCategoryGroupTestUITests/Info.plist;
				LD_RUNPATH_SEARCH_PATHS = (
					"$(inherited)",
					"@executable_path/Frameworks",
					"@loader_path/Frameworks",
				);
				PRODUCT_BUNDLE_IDENTIFIER = com.yhx.YXCategoryGroupTestUITests;
				PRODUCT_NAME = "$(TARGET_NAME)";
				TARGETED_DEVICE_FAMILY = "1,2";
				TEST_TARGET_NAME = YXCategoryGroupTest;
			};
			name = Release;
		};
/* End XCBuildConfiguration section */

/* Begin XCConfigurationList section */
		846E554D243EF2BE00CB7233 /* Build configuration list for PBXProject "YXCategoryGroupTest" */ = {
			isa = XCConfigurationList;
			buildConfigurations = (
				846E557F243EF2C000CB7233 /* Debug */,
				846E5580243EF2C000CB7233 /* Release */,
			);
			defaultConfigurationIsVisible = 0;
			defaultConfigurationName = Release;
		};
		846E5581243EF2C000CB7233 /* Build configuration list for PBXNativeTarget "YXCategoryGroupTest" */ = {
			isa = XCConfigurationList;
			buildConfigurations = (
				846E5582243EF2C000CB7233 /* Debug */,
				846E5583243EF2C000CB7233 /* Release */,
			);
			defaultConfigurationIsVisible = 0;
			defaultConfigurationName = Release;
		};
		846E5584243EF2C000CB7233 /* Build configuration list for PBXNativeTarget "YXCategoryGroupTestTests" */ = {
			isa = XCConfigurationList;
			buildConfigurations = (
				846E5585243EF2C000CB7233 /* Debug */,
				846E5586243EF2C000CB7233 /* Release */,
			);
			defaultConfigurationIsVisible = 0;
			defaultConfigurationName = Release;
		};
		846E5587243EF2C000CB7233 /* Build configuration list for PBXNativeTarget "YXCategoryGroupTestUITests" */ = {
			isa = XCConfigurationList;
			buildConfigurations = (
				846E5588243EF2C000CB7233 /* Debug */,
				846E5589243EF2C000CB7233 /* Release */,
			);
			defaultConfigurationIsVisible = 0;
			defaultConfigurationName = Release;
		};
/* End XCConfigurationList section */
	};
	rootObject = 846E554A243EF2BE00CB7233 /* Project object */;
}
